// !$*UTF8*$!
{
	archiveVersion = 1;
	classes = {
	};
	objectVersion = 46;
	objects = {

/* Begin PBXBuildFile section */
		1F1CC0481F3A29CD00E920CA /* AppDelegate.swift in Sources */ = {isa = PBXBuildFile; fileRef = 1F1CC0471F3A29CD00E920CA /* AppDelegate.swift */; };
		1F1CC04A1F3A29CD00E920CA /* ViewController.swift in Sources */ = {isa = PBXBuildFile; fileRef = 1F1CC0491F3A29CD00E920CA /* ViewController.swift */; };
		1F1CC04D1F3A29CD00E920CA /* Main.storyboard in Resources */ = {isa = PBXBuildFile; fileRef = 1F1CC04B1F3A29CD00E920CA /* Main.storyboard */; };
		1F1CC0501F3A29CD00E920CA /* game.xcdatamodeld in Sources */ = {isa = PBXBuildFile; fileRef = 1F1CC04E1F3A29CD00E920CA /* game.xcdatamodeld */; };
		1F1CC0521F3A29CD00E920CA /* Assets.xcassets in Resources */ = {isa = PBXBuildFile; fileRef = 1F1CC0511F3A29CD00E920CA /* Assets.xcassets */; };
		1F1CC0551F3A29CD00E920CA /* LaunchScreen.storyboard in Resources */ = {isa = PBXBuildFile; fileRef = 1F1CC0531F3A29CD00E920CA /* LaunchScreen.storyboard */; };
		1F1D27E81F658BEF00AF6D61 /* menu.xcassets in Resources */ = {isa = PBXBuildFile; fileRef = 1F1D27E71F658BEF00AF6D61 /* menu.xcassets */; };
		1F1FBC381F3FC3CD004B6517 /* headerReusableView.swift in Sources */ = {isa = PBXBuildFile; fileRef = 1F1FBC371F3FC3CD004B6517 /* headerReusableView.swift */; };
		1F221EC81F4257B100177EB7 /* colors.swift in Sources */ = {isa = PBXBuildFile; fileRef = 1F221EC71F4257B100177EB7 /* colors.swift */; };
		1F22B6211F83CB8400629C1D /* photoPhotos.xcassets in Resources */ = {isa = PBXBuildFile; fileRef = 1F22B6201F83CB8400629C1D /* photoPhotos.xcassets */; };
		1F22B62E1F83CEDC00629C1D /* 10_1.mp3 in Resources */ = {isa = PBXBuildFile; fileRef = 1F22B6241F83CEDC00629C1D /* 10_1.mp3 */; };
		1F22B62F1F83CEDC00629C1D /* 1_1.mp3 in Resources */ = {isa = PBXBuildFile; fileRef = 1F22B6251F83CEDC00629C1D /* 1_1.mp3 */; };
		1F22B6301F83CEDC00629C1D /* 2_1.mp3 in Resources */ = {isa = PBXBuildFile; fileRef = 1F22B6261F83CEDC00629C1D /* 2_1.mp3 */; };
		1F22B6311F83CEDC00629C1D /* 3_1.mp3 in Resources */ = {isa = PBXBuildFile; fileRef = 1F22B6271F83CEDC00629C1D /* 3_1.mp3 */; };
		1F22B6321F83CEDC00629C1D /* 4_1.mp3 in Resources */ = {isa = PBXBuildFile; fileRef = 1F22B6281F83CEDC00629C1D /* 4_1.mp3 */; };
		1F22B6331F83CEDC00629C1D /* 5_1.mp3 in Resources */ = {isa = PBXBuildFile; fileRef = 1F22B6291F83CEDC00629C1D /* 5_1.mp3 */; };
		1F22B6341F83CEDC00629C1D /* 6_1.mp3 in Resources */ = {isa = PBXBuildFile; fileRef = 1F22B62A1F83CEDC00629C1D /* 6_1.mp3 */; };
		1F22B6351F83CEDC00629C1D /* 7_1.mp3 in Resources */ = {isa = PBXBuildFile; fileRef = 1F22B62B1F83CEDC00629C1D /* 7_1.mp3 */; };
		1F22B6361F83CEDC00629C1D /* 8_1.mp3 in Resources */ = {isa = PBXBuildFile; fileRef = 1F22B62C1F83CEDC00629C1D /* 8_1.mp3 */; };
		1F22B6371F83CEDC00629C1D /* 9_1.mp3 in Resources */ = {isa = PBXBuildFile; fileRef = 1F22B62D1F83CEDC00629C1D /* 9_1.mp3 */; };
		1F25D6661F3E862B003F64C3 /* twoViewController.swift in Sources */ = {isa = PBXBuildFile; fileRef = 1F25D6651F3E862B003F64C3 /* twoViewController.swift */; };
		1F25D6681F3E8653003F64C3 /* settingViewController.swift in Sources */ = {isa = PBXBuildFile; fileRef = 1F25D6671F3E8653003F64C3 /* settingViewController.swift */; };
		1F28D0DC1F7DD73600A7039B /* bukvy.xcassets in Resources */ = {isa = PBXBuildFile; fileRef = 1F28D0DB1F7DD73600A7039B /* bukvy.xcassets */; };
		1F2921291F7EDD1300CAB0C9 /* clothes.xcassets in Resources */ = {isa = PBXBuildFile; fileRef = 1F2921281F7EDD1300CAB0C9 /* clothes.xcassets */; };
		1F2921801F7EE24F00CAB0C9 /* home.xcassets in Resources */ = {isa = PBXBuildFile; fileRef = 1F29217F1F7EE24F00CAB0C9 /* home.xcassets */; };
		1F2922E01F7EE4F900CAB0C9 /* transport.xcassets in Resources */ = {isa = PBXBuildFile; fileRef = 1F2922DF1F7EE4F900CAB0C9 /* transport.xcassets */; };
		1F305E9F1F43CDFB00AB4757 /* photoInsects.xcassets in Resources */ = {isa = PBXBuildFile; fileRef = 1F305E9E1F43CDFB00AB4757 /* photoInsects.xcassets */; };
		1F33E01A1F7BE9E20068829D /* vegetablePhotos.xcassets in Resources */ = {isa = PBXBuildFile; fileRef = 1F33E0191F7BE9E20068829D /* vegetablePhotos.xcassets */; };
		1F33E01C1F7BEA0C0068829D /* fruitPhotos.xcassets in Resources */ = {isa = PBXBuildFile; fileRef = 1F33E01B1F7BEA0C0068829D /* fruitPhotos.xcassets */; };
		1F33E01E1F7BEA490068829D /* instrumentsPhoto.xcassets in Resources */ = {isa = PBXBuildFile; fileRef = 1F33E01D1F7BEA490068829D /* instrumentsPhoto.xcassets */; };
		1F50B61F1F88435F00D41398 /* белый_1.mp3 in Resources */ = {isa = PBXBuildFile; fileRef = 1F50B6141F88435F00D41398 /* белый_1.mp3 */; };
		1F50B6201F88435F00D41398 /* голубой_1.mp3 in Resources */ = {isa = PBXBuildFile; fileRef = 1F50B6151F88435F00D41398 /* голубой_1.mp3 */; };
		1F50B6211F88435F00D41398 /* желтый_1.mp3 in Resources */ = {isa = PBXBuildFile; fileRef = 1F50B6161F88435F00D41398 /* желтый_1.mp3 */; };
		1F50B6221F88435F00D41398 /* зеленый_1.mp3 in Resources */ = {isa = PBXBuildFile; fileRef = 1F50B6171F88435F00D41398 /* зеленый_1.mp3 */; };
		1F50B6231F88435F00D41398 /* коричневый_1.mp3 in Resources */ = {isa = PBXBuildFile; fileRef = 1F50B6181F88435F00D41398 /* коричневый_1.mp3 */; };
		1F50B6241F88435F00D41398 /* красный_1.mp3 in Resources */ = {isa = PBXBuildFile; fileRef = 1F50B6191F88435F00D41398 /* красный_1.mp3 */; };
		1F50B6251F88435F00D41398 /* оранжевый_1.mp3 in Resources */ = {isa = PBXBuildFile; fileRef = 1F50B61A1F88435F00D41398 /* оранжевый_1.mp3 */; };
		1F50B6261F88435F00D41398 /* розовый_1.mp3 in Resources */ = {isa = PBXBuildFile; fileRef = 1F50B61B1F88435F00D41398 /* розовый_1.mp3 */; };
		1F50B6271F88435F00D41398 /* синий_1.mp3 in Resources */ = {isa = PBXBuildFile; fileRef = 1F50B61C1F88435F00D41398 /* синий_1.mp3 */; };
		1F50B6281F88435F00D41398 /* сиреневый_1.mp3 in Resources */ = {isa = PBXBuildFile; fileRef = 1F50B61D1F88435F00D41398 /* сиреневый_1.mp3 */; };
		1F50B6291F88435F00D41398 /* черный_1.mp3 in Resources */ = {isa = PBXBuildFile; fileRef = 1F50B61E1F88435F00D41398 /* черный_1.mp3 */; };
		1F50B69C1F884C5A00D41398 /* ванна_1.mp3 in Resources */ = {isa = PBXBuildFile; fileRef = 1F50B62B1F884C5A00D41398 /* ванна_1.mp3 */; };
		1F50B69D1F884C5A00D41398 /* вентилятор_1.mp3 in Resources */ = {isa = PBXBuildFile; fileRef = 1F50B62C1F884C5A00D41398 /* вентилятор_1.mp3 */; };
		1F50B69E1F884C5A00D41398 /* вилка_1.mp3 in Resources */ = {isa = PBXBuildFile; fileRef = 1F50B62D1F884C5A00D41398 /* вилка_1.mp3 */; };
		1F50B69F1F884C5A00D41398 /* дверь_1.mp3 in Resources */ = {isa = PBXBuildFile; fileRef = 1F50B62E1F884C5A00D41398 /* дверь_1.mp3 */; };
		1F50B6A01F884C5A00D41398 /* диван_1.mp3 in Resources */ = {isa = PBXBuildFile; fileRef = 1F50B62F1F884C5A00D41398 /* диван_1.mp3 */; };
		1F50B6A11F884C5A00D41398 /* зонт_1.mp3 in Resources */ = {isa = PBXBuildFile; fileRef = 1F50B6301F884C5A00D41398 /* зонт_1.mp3 */; };
		1F50B6A21F884C5A00D41398 /* зубная щетка_1.mp3 in Resources */ = {isa = PBXBuildFile; fileRef = 1F50B6311F884C5A00D41398 /* зубная щетка_1.mp3 */; };
		1F50B6A31F884C5A00D41398 /* кастрюля_1.mp3 in Resources */ = {isa = PBXBuildFile; fileRef = 1F50B6321F884C5A00D41398 /* кастрюля_1.mp3 */; };
		1F50B6A41F884C5A00D41398 /* компьютер_1.mp3 in Resources */ = {isa = PBXBuildFile; fileRef = 1F50B6331F884C5A00D41398 /* компьютер_1.mp3 */; };
		1F50B6A51F884C5A00D41398 /* кран_1.mp3 in Resources */ = {isa = PBXBuildFile; fileRef = 1F50B6341F884C5A00D41398 /* кран_1.mp3 */; };
		1F50B6A61F884C5A00D41398 /* кресло_1.mp3 in Resources */ = {isa = PBXBuildFile; fileRef = 1F50B6351F884C5A00D41398 /* кресло_1.mp3 */; };
		1F50B6A71F884C5A00D41398 /* кровать_1.mp3 in Resources */ = {isa = PBXBuildFile; fileRef = 1F50B6361F884C5A00D41398 /* кровать_1.mp3 */; };
		1F50B6A81F884C5A00D41398 /* кружка_1.mp3 in Resources */ = {isa = PBXBuildFile; fileRef = 1F50B6371F884C5A00D41398 /* кружка_1.mp3 */; };
		1F50B6A91F884C5A00D41398 /* лампа_1.mp3 in Resources */ = {isa = PBXBuildFile; fileRef = 1F50B6381F884C5A00D41398 /* лампа_1.mp3 */; };
		1F50B6AA1F884C5A00D41398 /* ложка_1.mp3 in Resources */ = {isa = PBXBuildFile; fileRef = 1F50B6391F884C5A00D41398 /* ложка_1.mp3 */; };
		1F50B6AB1F884C5A00D41398 /* микроволновая печь_1.mp3 in Resources */ = {isa = PBXBuildFile; fileRef = 1F50B63A1F884C5A00D41398 /* микроволновая печь_1.mp3 */; };
		1F50B6AC1F884C5A00D41398 /* миксер_1.mp3 in Resources */ = {isa = PBXBuildFile; fileRef = 1F50B63B1F884C5A00D41398 /* миксер_1.mp3 */; };
		1F50B6AD1F884C5A00D41398 /* нож_1.mp3 in Resources */ = {isa = PBXBuildFile; fileRef = 1F50B63C1F884C5A00D41398 /* нож_1.mp3 */; };
		1F50B6AE1F884C5A00D41398 /* ножницы_1.mp3 in Resources */ = {isa = PBXBuildFile; fileRef = 1F50B63D1F884C5A00D41398 /* ножницы_1.mp3 */; };
		1F50B6AF1F884C5A00D41398 /* плита_1.mp3 in Resources */ = {isa = PBXBuildFile; fileRef = 1F50B63E1F884C5A00D41398 /* плита_1.mp3 */; };
		1F50B6B01F884C5A00D41398 /* поварешки_1.mp3 in Resources */ = {isa = PBXBuildFile; fileRef = 1F50B63F1F884C5A00D41398 /* поварешки_1.mp3 */; };
		1F50B6B21F884C5A00D41398 /* пылесос_1.mp3 in Resources */ = {isa = PBXBuildFile; fileRef = 1F50B6411F884C5A00D41398 /* пылесос_1.mp3 */; };
		1F50B6B31F884C5A00D41398 /* ручка_1.mp3 in Resources */ = {isa = PBXBuildFile; fileRef = 1F50B6421F884C5A00D41398 /* ручка_1.mp3 */; };
		1F50B6B41F884C5A00D41398 /* сковорода_1.mp3 in Resources */ = {isa = PBXBuildFile; fileRef = 1F50B6431F884C5A00D41398 /* сковорода_1.mp3 */; };
		1F50B6B51F884C5A00D41398 /* стакан_1.mp3 in Resources */ = {isa = PBXBuildFile; fileRef = 1F50B6441F884C5A00D41398 /* стакан_1.mp3 */; };
		1F50B6B61F884C5A00D41398 /* стиральная машина_1.mp3 in Resources */ = {isa = PBXBuildFile; fileRef = 1F50B6451F884C5A00D41398 /* стиральная машина_1.mp3 */; };
		1F50B6B71F884C5A00D41398 /* стол_1.mp3 in Resources */ = {isa = PBXBuildFile; fileRef = 1F50B6461F884C5A00D41398 /* стол_1.mp3 */; };
		1F50B6B81F884C5A00D41398 /* стул_1.mp3 in Resources */ = {isa = PBXBuildFile; fileRef = 1F50B6471F884C5A00D41398 /* стул_1.mp3 */; };
		1F50B6B91F884C5A00D41398 /* тарелка_1.mp3 in Resources */ = {isa = PBXBuildFile; fileRef = 1F50B6481F884C5A00D41398 /* тарелка_1.mp3 */; };
		1F50B6BA1F884C5A00D41398 /* телефон_1.mp3 in Resources */ = {isa = PBXBuildFile; fileRef = 1F50B6491F884C5A00D41398 /* телефон_1.mp3 */; };
		1F50B6BB1F884C5A00D41398 /* терка_1.mp3 in Resources */ = {isa = PBXBuildFile; fileRef = 1F50B64A1F884C5A00D41398 /* терка_1.mp3 */; };
		1F50B6BC1F884C5A00D41398 /* утюг_1.mp3 in Resources */ = {isa = PBXBuildFile; fileRef = 1F50B64B1F884C5A00D41398 /* утюг_1.mp3 */; };
		1F50B6BD1F884C5A00D41398 /* фен_1.mp3 in Resources */ = {isa = PBXBuildFile; fileRef = 1F50B64C1F884C5A00D41398 /* фен_1.mp3 */; };
		1F50B6BE1F884C5A00D41398 /* холодильник_1.mp3 in Resources */ = {isa = PBXBuildFile; fileRef = 1F50B64D1F884C5A00D41398 /* холодильник_1.mp3 */; };
		1F50B6BF1F884C5A00D41398 /* чайник_1.mp3 in Resources */ = {isa = PBXBuildFile; fileRef = 1F50B64E1F884C5A00D41398 /* чайник_1.mp3 */; };
		1F50B6C01F884C5A00D41398 /* часы_1.mp3 in Resources */ = {isa = PBXBuildFile; fileRef = 1F50B64F1F884C5A00D41398 /* часы_1.mp3 */; };
		1F50B6D11F884C5A00D41398 /* звезда_1.mp3 in Resources */ = {isa = PBXBuildFile; fileRef = 1F50B6621F884C5A00D41398 /* звезда_1.mp3 */; };
		1F50B6D21F884C5A00D41398 /* квадрат_1.mp3 in Resources */ = {isa = PBXBuildFile; fileRef = 1F50B6631F884C5A00D41398 /* квадрат_1.mp3 */; };
		1F50B6D31F884C5A00D41398 /* круг_1.mp3 in Resources */ = {isa = PBXBuildFile; fileRef = 1F50B6641F884C5A00D41398 /* круг_1.mp3 */; };
		1F50B6D41F884C5A00D41398 /* овал_1.mp3 in Resources */ = {isa = PBXBuildFile; fileRef = 1F50B6651F884C5A00D41398 /* овал_1.mp3 */; };
		1F50B6D51F884C5A00D41398 /* полукруг_1.mp3 in Resources */ = {isa = PBXBuildFile; fileRef = 1F50B6661F884C5A00D41398 /* полукруг_1.mp3 */; };
		1F50B6D61F884C5A00D41398 /* прямоугольник_1.mp3 in Resources */ = {isa = PBXBuildFile; fileRef = 1F50B6671F884C5A00D41398 /* прямоугольник_1.mp3 */; };
		1F50B6D71F884C5A00D41398 /* ромб_1.mp3 in Resources */ = {isa = PBXBuildFile; fileRef = 1F50B6681F884C5A00D41398 /* ромб_1.mp3 */; };
		1F50B6D81F884C5A00D41398 /* трапеция_1.mp3 in Resources */ = {isa = PBXBuildFile; fileRef = 1F50B6691F884C5A00D41398 /* трапеция_1.mp3 */; };
		1F50B6D91F884C5A00D41398 /* треугольник_1.mp3 in Resources */ = {isa = PBXBuildFile; fileRef = 1F50B66A1F884C5A00D41398 /* треугольник_1.mp3 */; };
		1F50B6DA1F884C5A00D41398 /* а_1.mp3 in Resources */ = {isa = PBXBuildFile; fileRef = 1F50B66C1F884C5A00D41398 /* а_1.mp3 */; };
		1F50B6DB1F884C5A00D41398 /* б_1.mp3 in Resources */ = {isa = PBXBuildFile; fileRef = 1F50B66D1F884C5A00D41398 /* б_1.mp3 */; };
		1F50B6DC1F884C5A00D41398 /* в_1.mp3 in Resources */ = {isa = PBXBuildFile; fileRef = 1F50B66E1F884C5A00D41398 /* в_1.mp3 */; };
		1F50B6DD1F884C5A00D41398 /* г_1.mp3 in Resources */ = {isa = PBXBuildFile; fileRef = 1F50B66F1F884C5A00D41398 /* г_1.mp3 */; };
		1F50B6DE1F884C5A00D41398 /* д_1.mp3 in Resources */ = {isa = PBXBuildFile; fileRef = 1F50B6701F884C5A00D41398 /* д_1.mp3 */; };
		1F50B6DF1F884C5A00D41398 /* е_1.mp3 in Resources */ = {isa = PBXBuildFile; fileRef = 1F50B6711F884C5A00D41398 /* е_1.mp3 */; };
		1F50B6E11F884C5A00D41398 /* ж_1.mp3 in Resources */ = {isa = PBXBuildFile; fileRef = 1F50B6731F884C5A00D41398 /* ж_1.mp3 */; };
		1F50B6E21F884C5A00D41398 /* з_1.mp3 in Resources */ = {isa = PBXBuildFile; fileRef = 1F50B6741F884C5A00D41398 /* з_1.mp3 */; };
		1F50B6E31F884C5A00D41398 /* и_1.mp3 in Resources */ = {isa = PBXBuildFile; fileRef = 1F50B6751F884C5A00D41398 /* и_1.mp3 */; };
		1F50B6E51F884C5A00D41398 /* к_1.mp3 in Resources */ = {isa = PBXBuildFile; fileRef = 1F50B6771F884C5A00D41398 /* к_1.mp3 */; };
		1F50B6E61F884C5A00D41398 /* л_1.mp3 in Resources */ = {isa = PBXBuildFile; fileRef = 1F50B6781F884C5A00D41398 /* л_1.mp3 */; };
		1F50B6E71F884C5A00D41398 /* м_1.mp3 in Resources */ = {isa = PBXBuildFile; fileRef = 1F50B6791F884C5A00D41398 /* м_1.mp3 */; };
		1F50B6E81F884C5A00D41398 /* н_1.mp3 in Resources */ = {isa = PBXBuildFile; fileRef = 1F50B67A1F884C5A00D41398 /* н_1.mp3 */; };
		1F50B6E91F884C5A00D41398 /* о_1.mp3 in Resources */ = {isa = PBXBuildFile; fileRef = 1F50B67B1F884C5A00D41398 /* о_1.mp3 */; };
		1F50B6EA1F884C5A00D41398 /* п_1.mp3 in Resources */ = {isa = PBXBuildFile; fileRef = 1F50B67C1F884C5A00D41398 /* п_1.mp3 */; };
		1F50B6EB1F884C5A00D41398 /* р_1.mp3 in Resources */ = {isa = PBXBuildFile; fileRef = 1F50B67D1F884C5A00D41398 /* р_1.mp3 */; };
		1F50B6EC1F884C5A00D41398 /* с_1.mp3 in Resources */ = {isa = PBXBuildFile; fileRef = 1F50B67E1F884C5A00D41398 /* с_1.mp3 */; };
		1F50B6ED1F884C5A00D41398 /* т_1.mp3 in Resources */ = {isa = PBXBuildFile; fileRef = 1F50B67F1F884C5A00D41398 /* т_1.mp3 */; };
		1F50B6EE1F884C5A00D41398 /* у_1.mp3 in Resources */ = {isa = PBXBuildFile; fileRef = 1F50B6801F884C5A00D41398 /* у_1.mp3 */; };
		1F50B6EF1F884C5A00D41398 /* ф_1.mp3 in Resources */ = {isa = PBXBuildFile; fileRef = 1F50B6811F884C5A00D41398 /* ф_1.mp3 */; };
		1F50B6F01F884C5A00D41398 /* х_1.mp3 in Resources */ = {isa = PBXBuildFile; fileRef = 1F50B6821F884C5A00D41398 /* х_1.mp3 */; };
		1F50B6F11F884C5A00D41398 /* ц_1.mp3 in Resources */ = {isa = PBXBuildFile; fileRef = 1F50B6831F884C5A00D41398 /* ц_1.mp3 */; };
		1F50B6F21F884C5A00D41398 /* ч_1.mp3 in Resources */ = {isa = PBXBuildFile; fileRef = 1F50B6841F884C5A00D41398 /* ч_1.mp3 */; };
		1F50B6F31F884C5A00D41398 /* ш_1.mp3 in Resources */ = {isa = PBXBuildFile; fileRef = 1F50B6851F884C5A00D41398 /* ш_1.mp3 */; };
		1F50B6F41F884C5A00D41398 /* щ_1.mp3 in Resources */ = {isa = PBXBuildFile; fileRef = 1F50B6861F884C5A00D41398 /* щ_1.mp3 */; };
		1F50B6F51F884C5A00D41398 /* ъ_1.mp3 in Resources */ = {isa = PBXBuildFile; fileRef = 1F50B6871F884C5A00D41398 /* ъ_1.mp3 */; };
		1F50B6F61F884C5A00D41398 /* ы_1.mp3 in Resources */ = {isa = PBXBuildFile; fileRef = 1F50B6881F884C5A00D41398 /* ы_1.mp3 */; };
		1F50B6F71F884C5A00D41398 /* ь_1.mp3 in Resources */ = {isa = PBXBuildFile; fileRef = 1F50B6891F884C5A00D41398 /* ь_1.mp3 */; };
		1F50B6F81F884C5A00D41398 /* э_1.mp3 in Resources */ = {isa = PBXBuildFile; fileRef = 1F50B68A1F884C5A00D41398 /* э_1.mp3 */; };
		1F50B6F91F884C5A00D41398 /* ю_1.mp3 in Resources */ = {isa = PBXBuildFile; fileRef = 1F50B68B1F884C5A00D41398 /* ю_1.mp3 */; };
		1F50B6FA1F884C5A00D41398 /* я_1.mp3 in Resources */ = {isa = PBXBuildFile; fileRef = 1F50B68C1F884C5A00D41398 /* я_1.mp3 */; };
		1F50B6FB1F884C5A00D41398 /* баклажан_1.mp3 in Resources */ = {isa = PBXBuildFile; fileRef = 1F50B68E1F884C5A00D41398 /* баклажан_1.mp3 */; };
		1F50B6FC1F884C5A00D41398 /* кабачок_1.mp3 in Resources */ = {isa = PBXBuildFile; fileRef = 1F50B68F1F884C5A00D41398 /* кабачок_1.mp3 */; };
		1F50B6FD1F884C5A00D41398 /* капуста_1.mp3 in Resources */ = {isa = PBXBuildFile; fileRef = 1F50B6901F884C5A00D41398 /* капуста_1.mp3 */; };
		1F50B6FE1F884C5A00D41398 /* картофель_1.mp3 in Resources */ = {isa = PBXBuildFile; fileRef = 1F50B6911F884C5A00D41398 /* картофель_1.mp3 */; };
		1F50B6FF1F884C5A00D41398 /* кукуруза_1.mp3 in Resources */ = {isa = PBXBuildFile; fileRef = 1F50B6921F884C5A00D41398 /* кукуруза_1.mp3 */; };
		1F50B7001F884C5A00D41398 /* лук_1.mp3 in Resources */ = {isa = PBXBuildFile; fileRef = 1F50B6931F884C5A00D41398 /* лук_1.mp3 */; };
		1F50B7011F884C5A00D41398 /* морковь_1.mp3 in Resources */ = {isa = PBXBuildFile; fileRef = 1F50B6941F884C5A00D41398 /* морковь_1.mp3 */; };
		1F50B7021F884C5A00D41398 /* огурец_1.mp3 in Resources */ = {isa = PBXBuildFile; fileRef = 1F50B6951F884C5A00D41398 /* огурец_1.mp3 */; };
		1F50B7031F884C5A00D41398 /* перец_1.mp3 in Resources */ = {isa = PBXBuildFile; fileRef = 1F50B6961F884C5A00D41398 /* перец_1.mp3 */; };
		1F50B7041F884C5A00D41398 /* помидор_1.mp3 in Resources */ = {isa = PBXBuildFile; fileRef = 1F50B6971F884C5A00D41398 /* помидор_1.mp3 */; };
		1F50B7051F884C5A00D41398 /* репа_1.mp3 in Resources */ = {isa = PBXBuildFile; fileRef = 1F50B6981F884C5A00D41398 /* репа_1.mp3 */; };
		1F50B7061F884C5A00D41398 /* свекла_1.mp3 in Resources */ = {isa = PBXBuildFile; fileRef = 1F50B6991F884C5A00D41398 /* свекла_1.mp3 */; };
		1F50B7071F884C5A00D41398 /* тыква_1.mp3 in Resources */ = {isa = PBXBuildFile; fileRef = 1F50B69A1F884C5A00D41398 /* тыква_1.mp3 */; };
		1F50B7081F884C5A00D41398 /* укроп_1.mp3 in Resources */ = {isa = PBXBuildFile; fileRef = 1F50B69B1F884C5A00D41398 /* укроп_1.mp3 */; };
		1F50B70B1F8854FA00D41398 /* ё-1_1.mp3 in Resources */ = {isa = PBXBuildFile; fileRef = 1F50B7091F8854FA00D41398 /* ё-1_1.mp3 */; };
		1F50B70C1F8854FA00D41398 /* й-1_1.mp3 in Resources */ = {isa = PBXBuildFile; fileRef = 1F50B70A1F8854FA00D41398 /* й-1_1.mp3 */; };
		1F50B71E1F88560A00D41398 /* автобус_1.mp3 in Resources */ = {isa = PBXBuildFile; fileRef = 1F50B70E1F88560A00D41398 /* автобус_1.mp3 */; };
		1F50B71F1F88560A00D41398 /* велосипед_1.mp3 in Resources */ = {isa = PBXBuildFile; fileRef = 1F50B70F1F88560A00D41398 /* велосипед_1.mp3 */; };
		1F50B7201F88560A00D41398 /* вертолет_1.mp3 in Resources */ = {isa = PBXBuildFile; fileRef = 1F50B7101F88560A00D41398 /* вертолет_1.mp3 */; };
		1F50B7211F88560A00D41398 /* воздушный шар_1.mp3 in Resources */ = {isa = PBXBuildFile; fileRef = 1F50B7111F88560A00D41398 /* воздушный шар_1.mp3 */; };
		1F50B7221F88560A00D41398 /* грузовик_1.mp3 in Resources */ = {isa = PBXBuildFile; fileRef = 1F50B7121F88560A00D41398 /* грузовик_1.mp3 */; };
		1F50B7231F88560A00D41398 /* корабль_1.mp3 in Resources */ = {isa = PBXBuildFile; fileRef = 1F50B7131F88560A00D41398 /* корабль_1.mp3 */; };
		1F50B7241F88560A00D41398 /* легковой автомобиль_1.mp3 in Resources */ = {isa = PBXBuildFile; fileRef = 1F50B7141F88560A00D41398 /* легковой автомобиль_1.mp3 */; };
		1F50B7251F88560A00D41398 /* мотоцикл_1.mp3 in Resources */ = {isa = PBXBuildFile; fileRef = 1F50B7151F88560A00D41398 /* мотоцикл_1.mp3 */; };
		1F50B7261F88560A00D41398 /* поезд_1.mp3 in Resources */ = {isa = PBXBuildFile; fileRef = 1F50B7161F88560A00D41398 /* поезд_1.mp3 */; };
		1F50B7281F88560A00D41398 /* полицейская машина_1.mp3 in Resources */ = {isa = PBXBuildFile; fileRef = 1F50B7181F88560A00D41398 /* полицейская машина_1.mp3 */; };
		1F50B7291F88560A00D41398 /* ракета_1.mp3 in Resources */ = {isa = PBXBuildFile; fileRef = 1F50B7191F88560A00D41398 /* ракета_1.mp3 */; };
		1F50B72A1F88560A00D41398 /* самолет_1.mp3 in Resources */ = {isa = PBXBuildFile; fileRef = 1F50B71A1F88560A00D41398 /* самолет_1.mp3 */; };
		1F50B72B1F88560A00D41398 /* скорая помощь_1.mp3 in Resources */ = {isa = PBXBuildFile; fileRef = 1F50B71B1F88560A00D41398 /* скорая помощь_1.mp3 */; };
		1F50B72C1F88560A00D41398 /* трактор_1.mp3 in Resources */ = {isa = PBXBuildFile; fileRef = 1F50B71C1F88560A00D41398 /* трактор_1.mp3 */; };
		1F50B72D1F88560A00D41398 /* экскаватор_1.mp3 in Resources */ = {isa = PBXBuildFile; fileRef = 1F50B71D1F88560A00D41398 /* экскаватор_1.mp3 */; };
		1F50B72F1F8856DF00D41398 /* пожарная машина_1.mp3 in Resources */ = {isa = PBXBuildFile; fileRef = 1F50B72E1F8856DF00D41398 /* пожарная машина_1.mp3 */; };
		1F50B7311F88578700D41398 /* полотенца_1.mp3 in Resources */ = {isa = PBXBuildFile; fileRef = 1F50B7301F88578600D41398 /* полотенца_1.mp3 */; };
		1F6045B11F409996006761D7 /* customView.swift in Sources */ = {isa = PBXBuildFile; fileRef = 1F6045B01F409996006761D7 /* customView.swift */; };
		1F6045B51F40A095006761D7 /* photoViewController.swift in Sources */ = {isa = PBXBuildFile; fileRef = 1F6045B41F40A095006761D7 /* photoViewController.swift */; };
		1F9E38281F3F49CD008FFF4F /* collectionViewController.swift in Sources */ = {isa = PBXBuildFile; fileRef = 1F9E38271F3F49CD008FFF4F /* collectionViewController.swift */; };
		1F9E382A1F3F49E8008FFF4F /* CollectionViewCell.swift in Sources */ = {isa = PBXBuildFile; fileRef = 1F9E38291F3F49E8008FFF4F /* CollectionViewCell.swift */; };
		1F9E382C1F3F4BCA008FFF4F /* animals.xcassets in Resources */ = {isa = PBXBuildFile; fileRef = 1F9E382B1F3F4BCA008FFF4F /* animals.xcassets */; };
		1FAC091B1F6AB72E00B6A170 /* music.xcassets in Resources */ = {isa = PBXBuildFile; fileRef = 1FAC091A1F6AB72E00B6A170 /* music.xcassets */; };
		1FAC0A8B1F6B3B2A00B6A170 /* figures.xcassets in Resources */ = {isa = PBXBuildFile; fileRef = 1FAC0A8A1F6B3B2A00B6A170 /* figures.xcassets */; };
		1FEB1A8E1F82DF52003F6BDA /* StoreKit.framework in Frameworks */ = {isa = PBXBuildFile; fileRef = 1FEB1A8D1F82DF52003F6BDA /* StoreKit.framework */; };
		1FEB53501F426F3400257447 /* Insects.xcassets in Resources */ = {isa = PBXBuildFile; fileRef = 1FEB534F1F426F3400257447 /* Insects.xcassets */; };
		1FEB53C61F427B3A00257447 /* numbers.xcassets in Resources */ = {isa = PBXBuildFile; fileRef = 1FEB53C51F427B3A00257447 /* numbers.xcassets */; };
		1FEB53C81F427B4500257447 /* Vegetables.xcassets in Resources */ = {isa = PBXBuildFile; fileRef = 1FEB53C71F427B4500257447 /* Vegetables.xcassets */; };
		1FEB53CA1F427B5400257447 /* Colors.xcassets in Resources */ = {isa = PBXBuildFile; fileRef = 1FEB53C91F427B5400257447 /* Colors.xcassets */; };
		1FEB53CC1F427C9100257447 /* Fruits.xcassets in Resources */ = {isa = PBXBuildFile; fileRef = 1FEB53CB1F427C9100257447 /* Fruits.xcassets */; };
		1FED7A131F450755002C210E /* Podfile in Resources */ = {isa = PBXBuildFile; fileRef = 1FED7A121F450755002C210E /* Podfile */; };
		1FF4EBAA1F7F0EB800A79855 /* proffessions.xcassets in Resources */ = {isa = PBXBuildFile; fileRef = 1FF4EBA91F7F0EB800A79855 /* proffessions.xcassets */; };
/* End PBXBuildFile section */

/* Begin PBXFileReference section */
		1F1CC0441F3A29CD00E920CA /* game.app */ = {isa = PBXFileReference; explicitFileType = wrapper.application; includeInIndex = 0; path = game.app; sourceTree = BUILT_PRODUCTS_DIR; };
		1F1CC0471F3A29CD00E920CA /* AppDelegate.swift */ = {isa = PBXFileReference; lastKnownFileType = sourcecode.swift; path = AppDelegate.swift; sourceTree = "<group>"; };
		1F1CC0491F3A29CD00E920CA /* ViewController.swift */ = {isa = PBXFileReference; lastKnownFileType = sourcecode.swift; path = ViewController.swift; sourceTree = "<group>"; };
		1F1CC04C1F3A29CD00E920CA /* Base */ = {isa = PBXFileReference; lastKnownFileType = file.storyboard; name = Base; path = Base.lproj/Main.storyboard; sourceTree = "<group>"; };
		1F1CC04F1F3A29CD00E920CA /* game.xcdatamodel */ = {isa = PBXFileReference; lastKnownFileType = wrapper.xcdatamodel; path = game.xcdatamodel; sourceTree = "<group>"; };
		1F1CC0511F3A29CD00E920CA /* Assets.xcassets */ = {isa = PBXFileReference; lastKnownFileType = folder.assetcatalog; path = Assets.xcassets; sourceTree = "<group>"; };
		1F1CC0541F3A29CD00E920CA /* Base */ = {isa = PBXFileReference; lastKnownFileType = file.storyboard; name = Base; path = Base.lproj/LaunchScreen.storyboard; sourceTree = "<group>"; };
		1F1CC0561F3A29CD00E920CA /* Info.plist */ = {isa = PBXFileReference; lastKnownFileType = text.plist.xml; path = Info.plist; sourceTree = "<group>"; };
		1F1D27E71F658BEF00AF6D61 /* menu.xcassets */ = {isa = PBXFileReference; lastKnownFileType = folder.assetcatalog; path = menu.xcassets; sourceTree = "<group>"; };
		1F1FBC371F3FC3CD004B6517 /* headerReusableView.swift */ = {isa = PBXFileReference; fileEncoding = 4; lastKnownFileType = sourcecode.swift; path = headerReusableView.swift; sourceTree = "<group>"; };
		1F221EC71F4257B100177EB7 /* colors.swift */ = {isa = PBXFileReference; fileEncoding = 4; lastKnownFileType = sourcecode.swift; path = colors.swift; sourceTree = "<group>"; };
		1F22B6201F83CB8400629C1D /* photoPhotos.xcassets */ = {isa = PBXFileReference; lastKnownFileType = folder.assetcatalog; path = photoPhotos.xcassets; sourceTree = "<group>"; };
		1F22B6241F83CEDC00629C1D /* 10_1.mp3 */ = {isa = PBXFileReference; lastKnownFileType = audio.mp3; path = 10_1.mp3; sourceTree = "<group>"; };
		1F22B6251F83CEDC00629C1D /* 1_1.mp3 */ = {isa = PBXFileReference; lastKnownFileType = audio.mp3; path = 1_1.mp3; sourceTree = "<group>"; };
		1F22B6261F83CEDC00629C1D /* 2_1.mp3 */ = {isa = PBXFileReference; lastKnownFileType = audio.mp3; path = 2_1.mp3; sourceTree = "<group>"; };
		1F22B6271F83CEDC00629C1D /* 3_1.mp3 */ = {isa = PBXFileReference; lastKnownFileType = audio.mp3; path = 3_1.mp3; sourceTree = "<group>"; };
		1F22B6281F83CEDC00629C1D /* 4_1.mp3 */ = {isa = PBXFileReference; lastKnownFileType = audio.mp3; path = 4_1.mp3; sourceTree = "<group>"; };
		1F22B6291F83CEDC00629C1D /* 5_1.mp3 */ = {isa = PBXFileReference; lastKnownFileType = audio.mp3; path = 5_1.mp3; sourceTree = "<group>"; };
		1F22B62A1F83CEDC00629C1D /* 6_1.mp3 */ = {isa = PBXFileReference; lastKnownFileType = audio.mp3; path = 6_1.mp3; sourceTree = "<group>"; };
		1F22B62B1F83CEDC00629C1D /* 7_1.mp3 */ = {isa = PBXFileReference; lastKnownFileType = audio.mp3; path = 7_1.mp3; sourceTree = "<group>"; };
		1F22B62C1F83CEDC00629C1D /* 8_1.mp3 */ = {isa = PBXFileReference; lastKnownFileType = audio.mp3; path = 8_1.mp3; sourceTree = "<group>"; };
		1F22B62D1F83CEDC00629C1D /* 9_1.mp3 */ = {isa = PBXFileReference; lastKnownFileType = audio.mp3; path = 9_1.mp3; sourceTree = "<group>"; };
		1F25D6651F3E862B003F64C3 /* twoViewController.swift */ = {isa = PBXFileReference; fileEncoding = 4; lastKnownFileType = sourcecode.swift; path = twoViewController.swift; sourceTree = "<group>"; };
		1F25D6671F3E8653003F64C3 /* settingViewController.swift */ = {isa = PBXFileReference; fileEncoding = 4; lastKnownFileType = sourcecode.swift; path = settingViewController.swift; sourceTree = "<group>"; };
		1F28D0DB1F7DD73600A7039B /* bukvy.xcassets */ = {isa = PBXFileReference; lastKnownFileType = folder.assetcatalog; path = bukvy.xcassets; sourceTree = "<group>"; };
		1F2921281F7EDD1300CAB0C9 /* clothes.xcassets */ = {isa = PBXFileReference; lastKnownFileType = folder.assetcatalog; path = clothes.xcassets; sourceTree = "<group>"; };
		1F29217F1F7EE24F00CAB0C9 /* home.xcassets */ = {isa = PBXFileReference; lastKnownFileType = folder.assetcatalog; path = home.xcassets; sourceTree = "<group>"; };
		1F2922DF1F7EE4F900CAB0C9 /* transport.xcassets */ = {isa = PBXFileReference; lastKnownFileType = folder.assetcatalog; path = transport.xcassets; sourceTree = "<group>"; };
		1F305E9E1F43CDFB00AB4757 /* photoInsects.xcassets */ = {isa = PBXFileReference; lastKnownFileType = folder.assetcatalog; path = photoInsects.xcassets; sourceTree = "<group>"; };
		1F33E0191F7BE9E20068829D /* vegetablePhotos.xcassets */ = {isa = PBXFileReference; lastKnownFileType = folder.assetcatalog; path = vegetablePhotos.xcassets; sourceTree = "<group>"; };
		1F33E01B1F7BEA0C0068829D /* fruitPhotos.xcassets */ = {isa = PBXFileReference; lastKnownFileType = folder.assetcatalog; path = fruitPhotos.xcassets; sourceTree = "<group>"; };
		1F33E01D1F7BEA490068829D /* instrumentsPhoto.xcassets */ = {isa = PBXFileReference; lastKnownFileType = folder.assetcatalog; path = instrumentsPhoto.xcassets; sourceTree = "<group>"; };
		1F50B6141F88435F00D41398 /* белый_1.mp3 */ = {isa = PBXFileReference; lastKnownFileType = audio.mp3; path = "белый_1.mp3"; sourceTree = "<group>"; };
		1F50B6151F88435F00D41398 /* голубой_1.mp3 */ = {isa = PBXFileReference; lastKnownFileType = audio.mp3; path = "голубой_1.mp3"; sourceTree = "<group>"; };
		1F50B6161F88435F00D41398 /* желтый_1.mp3 */ = {isa = PBXFileReference; lastKnownFileType = audio.mp3; path = "желтый_1.mp3"; sourceTree = "<group>"; };
		1F50B6171F88435F00D41398 /* зеленый_1.mp3 */ = {isa = PBXFileReference; lastKnownFileType = audio.mp3; path = "зеленый_1.mp3"; sourceTree = "<group>"; };
		1F50B6181F88435F00D41398 /* коричневый_1.mp3 */ = {isa = PBXFileReference; lastKnownFileType = audio.mp3; path = "коричневый_1.mp3"; sourceTree = "<group>"; };
		1F50B6191F88435F00D41398 /* красный_1.mp3 */ = {isa = PBXFileReference; lastKnownFileType = audio.mp3; path = "красный_1.mp3"; sourceTree = "<group>"; };
		1F50B61A1F88435F00D41398 /* оранжевый_1.mp3 */ = {isa = PBXFileReference; lastKnownFileType = audio.mp3; path = "оранжевый_1.mp3"; sourceTree = "<group>"; };
		1F50B61B1F88435F00D41398 /* розовый_1.mp3 */ = {isa = PBXFileReference; lastKnownFileType = audio.mp3; path = "розовый_1.mp3"; sourceTree = "<group>"; };
		1F50B61C1F88435F00D41398 /* синий_1.mp3 */ = {isa = PBXFileReference; lastKnownFileType = audio.mp3; path = "синий_1.mp3"; sourceTree = "<group>"; };
		1F50B61D1F88435F00D41398 /* сиреневый_1.mp3 */ = {isa = PBXFileReference; lastKnownFileType = audio.mp3; path = "сиреневый_1.mp3"; sourceTree = "<group>"; };
		1F50B61E1F88435F00D41398 /* черный_1.mp3 */ = {isa = PBXFileReference; lastKnownFileType = audio.mp3; path = "черный_1.mp3"; sourceTree = "<group>"; };
		1F50B62B1F884C5A00D41398 /* ванна_1.mp3 */ = {isa = PBXFileReference; lastKnownFileType = audio.mp3; path = "ванна_1.mp3"; sourceTree = "<group>"; };
		1F50B62C1F884C5A00D41398 /* вентилятор_1.mp3 */ = {isa = PBXFileReference; lastKnownFileType = audio.mp3; path = "вентилятор_1.mp3"; sourceTree = "<group>"; };
		1F50B62D1F884C5A00D41398 /* вилка_1.mp3 */ = {isa = PBXFileReference; lastKnownFileType = audio.mp3; path = "вилка_1.mp3"; sourceTree = "<group>"; };
		1F50B62E1F884C5A00D41398 /* дверь_1.mp3 */ = {isa = PBXFileReference; lastKnownFileType = audio.mp3; path = "дверь_1.mp3"; sourceTree = "<group>"; };
		1F50B62F1F884C5A00D41398 /* диван_1.mp3 */ = {isa = PBXFileReference; lastKnownFileType = audio.mp3; path = "диван_1.mp3"; sourceTree = "<group>"; };
		1F50B6301F884C5A00D41398 /* зонт_1.mp3 */ = {isa = PBXFileReference; lastKnownFileType = audio.mp3; path = "зонт_1.mp3"; sourceTree = "<group>"; };
		1F50B6311F884C5A00D41398 /* зубная щетка_1.mp3 */ = {isa = PBXFileReference; lastKnownFileType = audio.mp3; path = "зубная щетка_1.mp3"; sourceTree = "<group>"; };
		1F50B6321F884C5A00D41398 /* кастрюля_1.mp3 */ = {isa = PBXFileReference; lastKnownFileType = audio.mp3; path = "кастрюля_1.mp3"; sourceTree = "<group>"; };
		1F50B6331F884C5A00D41398 /* компьютер_1.mp3 */ = {isa = PBXFileReference; lastKnownFileType = audio.mp3; path = "компьютер_1.mp3"; sourceTree = "<group>"; };
		1F50B6341F884C5A00D41398 /* кран_1.mp3 */ = {isa = PBXFileReference; lastKnownFileType = audio.mp3; path = "кран_1.mp3"; sourceTree = "<group>"; };
		1F50B6351F884C5A00D41398 /* кресло_1.mp3 */ = {isa = PBXFileReference; lastKnownFileType = audio.mp3; path = "кресло_1.mp3"; sourceTree = "<group>"; };
		1F50B6361F884C5A00D41398 /* кровать_1.mp3 */ = {isa = PBXFileReference; lastKnownFileType = audio.mp3; path = "кровать_1.mp3"; sourceTree = "<group>"; };
		1F50B6371F884C5A00D41398 /* кружка_1.mp3 */ = {isa = PBXFileReference; lastKnownFileType = audio.mp3; path = "кружка_1.mp3"; sourceTree = "<group>"; };
		1F50B6381F884C5A00D41398 /* лампа_1.mp3 */ = {isa = PBXFileReference; lastKnownFileType = audio.mp3; path = "лампа_1.mp3"; sourceTree = "<group>"; };
		1F50B6391F884C5A00D41398 /* ложка_1.mp3 */ = {isa = PBXFileReference; lastKnownFileType = audio.mp3; path = "ложка_1.mp3"; sourceTree = "<group>"; };
		1F50B63A1F884C5A00D41398 /* микроволновая печь_1.mp3 */ = {isa = PBXFileReference; lastKnownFileType = audio.mp3; path = "микроволновая печь_1.mp3"; sourceTree = "<group>"; };
		1F50B63B1F884C5A00D41398 /* миксер_1.mp3 */ = {isa = PBXFileReference; lastKnownFileType = audio.mp3; path = "миксер_1.mp3"; sourceTree = "<group>"; };
		1F50B63C1F884C5A00D41398 /* нож_1.mp3 */ = {isa = PBXFileReference; lastKnownFileType = audio.mp3; path = "нож_1.mp3"; sourceTree = "<group>"; };
		1F50B63D1F884C5A00D41398 /* ножницы_1.mp3 */ = {isa = PBXFileReference; lastKnownFileType = audio.mp3; path = "ножницы_1.mp3"; sourceTree = "<group>"; };
		1F50B63E1F884C5A00D41398 /* плита_1.mp3 */ = {isa = PBXFileReference; lastKnownFileType = audio.mp3; path = "плита_1.mp3"; sourceTree = "<group>"; };
		1F50B63F1F884C5A00D41398 /* поварешки_1.mp3 */ = {isa = PBXFileReference; lastKnownFileType = audio.mp3; path = "поварешки_1.mp3"; sourceTree = "<group>"; };
		1F50B6411F884C5A00D41398 /* пылесос_1.mp3 */ = {isa = PBXFileReference; lastKnownFileType = audio.mp3; path = "пылесос_1.mp3"; sourceTree = "<group>"; };
		1F50B6421F884C5A00D41398 /* ручка_1.mp3 */ = {isa = PBXFileReference; lastKnownFileType = audio.mp3; path = "ручка_1.mp3"; sourceTree = "<group>"; };
		1F50B6431F884C5A00D41398 /* сковорода_1.mp3 */ = {isa = PBXFileReference; lastKnownFileType = audio.mp3; path = "сковорода_1.mp3"; sourceTree = "<group>"; };
		1F50B6441F884C5A00D41398 /* стакан_1.mp3 */ = {isa = PBXFileReference; lastKnownFileType = audio.mp3; path = "стакан_1.mp3"; sourceTree = "<group>"; };
		1F50B6451F884C5A00D41398 /* стиральная машина_1.mp3 */ = {isa = PBXFileReference; lastKnownFileType = audio.mp3; path = "стиральная машина_1.mp3"; sourceTree = "<group>"; };
		1F50B6461F884C5A00D41398 /* стол_1.mp3 */ = {isa = PBXFileReference; lastKnownFileType = audio.mp3; path = "стол_1.mp3"; sourceTree = "<group>"; };
		1F50B6471F884C5A00D41398 /* стул_1.mp3 */ = {isa = PBXFileReference; lastKnownFileType = audio.mp3; path = "стул_1.mp3"; sourceTree = "<group>"; };
		1F50B6481F884C5A00D41398 /* тарелка_1.mp3 */ = {isa = PBXFileReference; lastKnownFileType = audio.mp3; path = "тарелка_1.mp3"; sourceTree = "<group>"; };
		1F50B6491F884C5A00D41398 /* телефон_1.mp3 */ = {isa = PBXFileReference; lastKnownFileType = audio.mp3; path = "телефон_1.mp3"; sourceTree = "<group>"; };
		1F50B64A1F884C5A00D41398 /* терка_1.mp3 */ = {isa = PBXFileReference; lastKnownFileType = audio.mp3; path = "терка_1.mp3"; sourceTree = "<group>"; };
		1F50B64B1F884C5A00D41398 /* утюг_1.mp3 */ = {isa = PBXFileReference; lastKnownFileType = audio.mp3; path = "утюг_1.mp3"; sourceTree = "<group>"; };
		1F50B64C1F884C5A00D41398 /* фен_1.mp3 */ = {isa = PBXFileReference; lastKnownFileType = audio.mp3; path = "фен_1.mp3"; sourceTree = "<group>"; };
		1F50B64D1F884C5A00D41398 /* холодильник_1.mp3 */ = {isa = PBXFileReference; lastKnownFileType = audio.mp3; path = "холодильник_1.mp3"; sourceTree = "<group>"; };
		1F50B64E1F884C5A00D41398 /* чайник_1.mp3 */ = {isa = PBXFileReference; lastKnownFileType = audio.mp3; path = "чайник_1.mp3"; sourceTree = "<group>"; };
		1F50B64F1F884C5A00D41398 /* часы_1.mp3 */ = {isa = PBXFileReference; lastKnownFileType = audio.mp3; path = "часы_1.mp3"; sourceTree = "<group>"; };
		1F50B6621F884C5A00D41398 /* звезда_1.mp3 */ = {isa = PBXFileReference; lastKnownFileType = audio.mp3; path = "звезда_1.mp3"; sourceTree = "<group>"; };
		1F50B6631F884C5A00D41398 /* квадрат_1.mp3 */ = {isa = PBXFileReference; lastKnownFileType = audio.mp3; path = "квадрат_1.mp3"; sourceTree = "<group>"; };
		1F50B6641F884C5A00D41398 /* круг_1.mp3 */ = {isa = PBXFileReference; lastKnownFileType = audio.mp3; path = "круг_1.mp3"; sourceTree = "<group>"; };
		1F50B6651F884C5A00D41398 /* овал_1.mp3 */ = {isa = PBXFileReference; lastKnownFileType = audio.mp3; path = "овал_1.mp3"; sourceTree = "<group>"; };
		1F50B6661F884C5A00D41398 /* полукруг_1.mp3 */ = {isa = PBXFileReference; lastKnownFileType = audio.mp3; path = "полукруг_1.mp3"; sourceTree = "<group>"; };
		1F50B6671F884C5A00D41398 /* прямоугольник_1.mp3 */ = {isa = PBXFileReference; lastKnownFileType = audio.mp3; path = "прямоугольник_1.mp3"; sourceTree = "<group>"; };
		1F50B6681F884C5A00D41398 /* ромб_1.mp3 */ = {isa = PBXFileReference; lastKnownFileType = audio.mp3; path = "ромб_1.mp3"; sourceTree = "<group>"; };
		1F50B6691F884C5A00D41398 /* трапеция_1.mp3 */ = {isa = PBXFileReference; lastKnownFileType = audio.mp3; path = "трапеция_1.mp3"; sourceTree = "<group>"; };
		1F50B66A1F884C5A00D41398 /* треугольник_1.mp3 */ = {isa = PBXFileReference; lastKnownFileType = audio.mp3; path = "треугольник_1.mp3"; sourceTree = "<group>"; };
		1F50B66C1F884C5A00D41398 /* а_1.mp3 */ = {isa = PBXFileReference; lastKnownFileType = audio.mp3; path = "а_1.mp3"; sourceTree = "<group>"; };
		1F50B66D1F884C5A00D41398 /* б_1.mp3 */ = {isa = PBXFileReference; lastKnownFileType = audio.mp3; path = "б_1.mp3"; sourceTree = "<group>"; };
		1F50B66E1F884C5A00D41398 /* в_1.mp3 */ = {isa = PBXFileReference; lastKnownFileType = audio.mp3; path = "в_1.mp3"; sourceTree = "<group>"; };
		1F50B66F1F884C5A00D41398 /* г_1.mp3 */ = {isa = PBXFileReference; lastKnownFileType = audio.mp3; path = "г_1.mp3"; sourceTree = "<group>"; };
		1F50B6701F884C5A00D41398 /* д_1.mp3 */ = {isa = PBXFileReference; lastKnownFileType = audio.mp3; path = "д_1.mp3"; sourceTree = "<group>"; };
		1F50B6711F884C5A00D41398 /* е_1.mp3 */ = {isa = PBXFileReference; lastKnownFileType = audio.mp3; path = "е_1.mp3"; sourceTree = "<group>"; };
		1F50B6731F884C5A00D41398 /* ж_1.mp3 */ = {isa = PBXFileReference; lastKnownFileType = audio.mp3; path = "ж_1.mp3"; sourceTree = "<group>"; };
		1F50B6741F884C5A00D41398 /* з_1.mp3 */ = {isa = PBXFileReference; lastKnownFileType = audio.mp3; path = "з_1.mp3"; sourceTree = "<group>"; };
		1F50B6751F884C5A00D41398 /* и_1.mp3 */ = {isa = PBXFileReference; lastKnownFileType = audio.mp3; path = "и_1.mp3"; sourceTree = "<group>"; };
		1F50B6771F884C5A00D41398 /* к_1.mp3 */ = {isa = PBXFileReference; lastKnownFileType = audio.mp3; path = "к_1.mp3"; sourceTree = "<group>"; };
		1F50B6781F884C5A00D41398 /* л_1.mp3 */ = {isa = PBXFileReference; lastKnownFileType = audio.mp3; path = "л_1.mp3"; sourceTree = "<group>"; };
		1F50B6791F884C5A00D41398 /* м_1.mp3 */ = {isa = PBXFileReference; lastKnownFileType = audio.mp3; path = "м_1.mp3"; sourceTree = "<group>"; };
		1F50B67A1F884C5A00D41398 /* н_1.mp3 */ = {isa = PBXFileReference; lastKnownFileType = audio.mp3; path = "н_1.mp3"; sourceTree = "<group>"; };
		1F50B67B1F884C5A00D41398 /* о_1.mp3 */ = {isa = PBXFileReference; lastKnownFileType = audio.mp3; path = "о_1.mp3"; sourceTree = "<group>"; };
		1F50B67C1F884C5A00D41398 /* п_1.mp3 */ = {isa = PBXFileReference; lastKnownFileType = audio.mp3; path = "п_1.mp3"; sourceTree = "<group>"; };
		1F50B67D1F884C5A00D41398 /* р_1.mp3 */ = {isa = PBXFileReference; lastKnownFileType = audio.mp3; path = "р_1.mp3"; sourceTree = "<group>"; };
		1F50B67E1F884C5A00D41398 /* с_1.mp3 */ = {isa = PBXFileReference; lastKnownFileType = audio.mp3; path = "с_1.mp3"; sourceTree = "<group>"; };
		1F50B67F1F884C5A00D41398 /* т_1.mp3 */ = {isa = PBXFileReference; lastKnownFileType = audio.mp3; path = "т_1.mp3"; sourceTree = "<group>"; };
		1F50B6801F884C5A00D41398 /* у_1.mp3 */ = {isa = PBXFileReference; lastKnownFileType = audio.mp3; path = "у_1.mp3"; sourceTree = "<group>"; };
		1F50B6811F884C5A00D41398 /* ф_1.mp3 */ = {isa = PBXFileReference; lastKnownFileType = audio.mp3; path = "ф_1.mp3"; sourceTree = "<group>"; };
		1F50B6821F884C5A00D41398 /* х_1.mp3 */ = {isa = PBXFileReference; lastKnownFileType = audio.mp3; path = "х_1.mp3"; sourceTree = "<group>"; };
		1F50B6831F884C5A00D41398 /* ц_1.mp3 */ = {isa = PBXFileReference; lastKnownFileType = audio.mp3; path = "ц_1.mp3"; sourceTree = "<group>"; };
		1F50B6841F884C5A00D41398 /* ч_1.mp3 */ = {isa = PBXFileReference; lastKnownFileType = audio.mp3; path = "ч_1.mp3"; sourceTree = "<group>"; };
		1F50B6851F884C5A00D41398 /* ш_1.mp3 */ = {isa = PBXFileReference; lastKnownFileType = audio.mp3; path = "ш_1.mp3"; sourceTree = "<group>"; };
		1F50B6861F884C5A00D41398 /* щ_1.mp3 */ = {isa = PBXFileReference; lastKnownFileType = audio.mp3; path = "щ_1.mp3"; sourceTree = "<group>"; };
		1F50B6871F884C5A00D41398 /* ъ_1.mp3 */ = {isa = PBXFileReference; lastKnownFileType = audio.mp3; path = "ъ_1.mp3"; sourceTree = "<group>"; };
		1F50B6881F884C5A00D41398 /* ы_1.mp3 */ = {isa = PBXFileReference; lastKnownFileType = audio.mp3; path = "ы_1.mp3"; sourceTree = "<group>"; };
		1F50B6891F884C5A00D41398 /* ь_1.mp3 */ = {isa = PBXFileReference; lastKnownFileType = audio.mp3; path = "ь_1.mp3"; sourceTree = "<group>"; };
		1F50B68A1F884C5A00D41398 /* э_1.mp3 */ = {isa = PBXFileReference; lastKnownFileType = audio.mp3; path = "э_1.mp3"; sourceTree = "<group>"; };
		1F50B68B1F884C5A00D41398 /* ю_1.mp3 */ = {isa = PBXFileReference; lastKnownFileType = audio.mp3; path = "ю_1.mp3"; sourceTree = "<group>"; };
		1F50B68C1F884C5A00D41398 /* я_1.mp3 */ = {isa = PBXFileReference; lastKnownFileType = audio.mp3; path = "я_1.mp3"; sourceTree = "<group>"; };
		1F50B68E1F884C5A00D41398 /* баклажан_1.mp3 */ = {isa = PBXFileReference; lastKnownFileType = audio.mp3; path = "баклажан_1.mp3"; sourceTree = "<group>"; };
		1F50B68F1F884C5A00D41398 /* кабачок_1.mp3 */ = {isa = PBXFileReference; lastKnownFileType = audio.mp3; path = "кабачок_1.mp3"; sourceTree = "<group>"; };
		1F50B6901F884C5A00D41398 /* капуста_1.mp3 */ = {isa = PBXFileReference; lastKnownFileType = audio.mp3; path = "капуста_1.mp3"; sourceTree = "<group>"; };
		1F50B6911F884C5A00D41398 /* картофель_1.mp3 */ = {isa = PBXFileReference; lastKnownFileType = audio.mp3; path = "картофель_1.mp3"; sourceTree = "<group>"; };
		1F50B6921F884C5A00D41398 /* кукуруза_1.mp3 */ = {isa = PBXFileReference; lastKnownFileType = audio.mp3; path = "кукуруза_1.mp3"; sourceTree = "<group>"; };
		1F50B6931F884C5A00D41398 /* лук_1.mp3 */ = {isa = PBXFileReference; lastKnownFileType = audio.mp3; path = "лук_1.mp3"; sourceTree = "<group>"; };
		1F50B6941F884C5A00D41398 /* морковь_1.mp3 */ = {isa = PBXFileReference; lastKnownFileType = audio.mp3; path = "морковь_1.mp3"; sourceTree = "<group>"; };
		1F50B6951F884C5A00D41398 /* огурец_1.mp3 */ = {isa = PBXFileReference; lastKnownFileType = audio.mp3; path = "огурец_1.mp3"; sourceTree = "<group>"; };
		1F50B6961F884C5A00D41398 /* перец_1.mp3 */ = {isa = PBXFileReference; lastKnownFileType = audio.mp3; path = "перец_1.mp3"; sourceTree = "<group>"; };
		1F50B6971F884C5A00D41398 /* помидор_1.mp3 */ = {isa = PBXFileReference; lastKnownFileType = audio.mp3; path = "помидор_1.mp3"; sourceTree = "<group>"; };
		1F50B6981F884C5A00D41398 /* репа_1.mp3 */ = {isa = PBXFileReference; lastKnownFileType = audio.mp3; path = "репа_1.mp3"; sourceTree = "<group>"; };
		1F50B6991F884C5A00D41398 /* свекла_1.mp3 */ = {isa = PBXFileReference; lastKnownFileType = audio.mp3; path = "свекла_1.mp3"; sourceTree = "<group>"; };
		1F50B69A1F884C5A00D41398 /* тыква_1.mp3 */ = {isa = PBXFileReference; lastKnownFileType = audio.mp3; path = "тыква_1.mp3"; sourceTree = "<group>"; };
		1F50B69B1F884C5A00D41398 /* укроп_1.mp3 */ = {isa = PBXFileReference; lastKnownFileType = audio.mp3; path = "укроп_1.mp3"; sourceTree = "<group>"; };
		1F50B7091F8854FA00D41398 /* ё-1_1.mp3 */ = {isa = PBXFileReference; lastKnownFileType = audio.mp3; path = "ё-1_1.mp3"; sourceTree = "<group>"; };
		1F50B70A1F8854FA00D41398 /* й-1_1.mp3 */ = {isa = PBXFileReference; lastKnownFileType = audio.mp3; path = "й-1_1.mp3"; sourceTree = "<group>"; };
		1F50B70E1F88560A00D41398 /* автобус_1.mp3 */ = {isa = PBXFileReference; lastKnownFileType = audio.mp3; path = "автобус_1.mp3"; sourceTree = "<group>"; };
		1F50B70F1F88560A00D41398 /* велосипед_1.mp3 */ = {isa = PBXFileReference; lastKnownFileType = audio.mp3; path = "велосипед_1.mp3"; sourceTree = "<group>"; };
		1F50B7101F88560A00D41398 /* вертолет_1.mp3 */ = {isa = PBXFileReference; lastKnownFileType = audio.mp3; path = "вертолет_1.mp3"; sourceTree = "<group>"; };
		1F50B7111F88560A00D41398 /* воздушный шар_1.mp3 */ = {isa = PBXFileReference; lastKnownFileType = audio.mp3; path = "воздушный шар_1.mp3"; sourceTree = "<group>"; };
		1F50B7121F88560A00D41398 /* грузовик_1.mp3 */ = {isa = PBXFileReference; lastKnownFileType = audio.mp3; path = "грузовик_1.mp3"; sourceTree = "<group>"; };
		1F50B7131F88560A00D41398 /* корабль_1.mp3 */ = {isa = PBXFileReference; lastKnownFileType = audio.mp3; path = "корабль_1.mp3"; sourceTree = "<group>"; };
		1F50B7141F88560A00D41398 /* легковой автомобиль_1.mp3 */ = {isa = PBXFileReference; lastKnownFileType = audio.mp3; path = "легковой автомобиль_1.mp3"; sourceTree = "<group>"; };
		1F50B7151F88560A00D41398 /* мотоцикл_1.mp3 */ = {isa = PBXFileReference; lastKnownFileType = audio.mp3; path = "мотоцикл_1.mp3"; sourceTree = "<group>"; };
		1F50B7161F88560A00D41398 /* поезд_1.mp3 */ = {isa = PBXFileReference; lastKnownFileType = audio.mp3; path = "поезд_1.mp3"; sourceTree = "<group>"; };
		1F50B7181F88560A00D41398 /* полицейская машина_1.mp3 */ = {isa = PBXFileReference; lastKnownFileType = audio.mp3; path = "полицейская машина_1.mp3"; sourceTree = "<group>"; };
		1F50B7191F88560A00D41398 /* ракета_1.mp3 */ = {isa = PBXFileReference; lastKnownFileType = audio.mp3; path = "ракета_1.mp3"; sourceTree = "<group>"; };
		1F50B71A1F88560A00D41398 /* самолет_1.mp3 */ = {isa = PBXFileReference; lastKnownFileType = audio.mp3; path = "самолет_1.mp3"; sourceTree = "<group>"; };
		1F50B71B1F88560A00D41398 /* скорая помощь_1.mp3 */ = {isa = PBXFileReference; lastKnownFileType = audio.mp3; path = "скорая помощь_1.mp3"; sourceTree = "<group>"; };
		1F50B71C1F88560A00D41398 /* трактор_1.mp3 */ = {isa = PBXFileReference; lastKnownFileType = audio.mp3; path = "трактор_1.mp3"; sourceTree = "<group>"; };
		1F50B71D1F88560A00D41398 /* экскаватор_1.mp3 */ = {isa = PBXFileReference; lastKnownFileType = audio.mp3; path = "экскаватор_1.mp3"; sourceTree = "<group>"; };
		1F50B72E1F8856DF00D41398 /* пожарная машина_1.mp3 */ = {isa = PBXFileReference; lastKnownFileType = audio.mp3; path = "пожарная машина_1.mp3"; sourceTree = "<group>"; };
		1F50B7301F88578600D41398 /* полотенца_1.mp3 */ = {isa = PBXFileReference; lastKnownFileType = audio.mp3; path = "полотенца_1.mp3"; sourceTree = "<group>"; };
		1F6045B01F409996006761D7 /* customView.swift */ = {isa = PBXFileReference; fileEncoding = 4; lastKnownFileType = sourcecode.swift; path = customView.swift; sourceTree = "<group>"; };
		1F6045B41F40A095006761D7 /* photoViewController.swift */ = {isa = PBXFileReference; fileEncoding = 4; lastKnownFileType = sourcecode.swift; path = photoViewController.swift; sourceTree = "<group>"; };
		1F9E38271F3F49CD008FFF4F /* collectionViewController.swift */ = {isa = PBXFileReference; fileEncoding = 4; lastKnownFileType = sourcecode.swift; name = collectionViewController.swift; path = ../collectionViewController.swift; sourceTree = "<group>"; };
		1F9E38291F3F49E8008FFF4F /* CollectionViewCell.swift */ = {isa = PBXFileReference; fileEncoding = 4; lastKnownFileType = sourcecode.swift; name = CollectionViewCell.swift; path = ../CollectionViewCell.swift; sourceTree = "<group>"; };
		1F9E382B1F3F4BCA008FFF4F /* animals.xcassets */ = {isa = PBXFileReference; lastKnownFileType = folder.assetcatalog; path = animals.xcassets; sourceTree = "<group>"; };
		1FAC091A1F6AB72E00B6A170 /* music.xcassets */ = {isa = PBXFileReference; lastKnownFileType = folder.assetcatalog; path = music.xcassets; sourceTree = "<group>"; };
		1FAC0A8A1F6B3B2A00B6A170 /* figures.xcassets */ = {isa = PBXFileReference; lastKnownFileType = folder.assetcatalog; path = figures.xcassets; sourceTree = "<group>"; };
		1FEB1A8D1F82DF52003F6BDA /* StoreKit.framework */ = {isa = PBXFileReference; lastKnownFileType = wrapper.framework; name = StoreKit.framework; path = System/Library/Frameworks/StoreKit.framework; sourceTree = SDKROOT; };
		1FEB534F1F426F3400257447 /* Insects.xcassets */ = {isa = PBXFileReference; lastKnownFileType = folder.assetcatalog; name = Insects.xcassets; path = ../Insects.xcassets; sourceTree = "<group>"; };
		1FEB53C51F427B3A00257447 /* numbers.xcassets */ = {isa = PBXFileReference; lastKnownFileType = folder.assetcatalog; path = numbers.xcassets; sourceTree = "<group>"; };
		1FEB53C71F427B4500257447 /* Vegetables.xcassets */ = {isa = PBXFileReference; lastKnownFileType = folder.assetcatalog; path = Vegetables.xcassets; sourceTree = "<group>"; };
		1FEB53C91F427B5400257447 /* Colors.xcassets */ = {isa = PBXFileReference; lastKnownFileType = folder.assetcatalog; path = Colors.xcassets; sourceTree = "<group>"; };
		1FEB53CB1F427C9100257447 /* Fruits.xcassets */ = {isa = PBXFileReference; lastKnownFileType = folder.assetcatalog; path = Fruits.xcassets; sourceTree = "<group>"; };
		1FED7A121F450755002C210E /* Podfile */ = {isa = PBXFileReference; fileEncoding = 4; lastKnownFileType = text; path = Podfile; sourceTree = "<group>"; xcLanguageSpecificationIdentifier = xcode.lang.ruby; };
		1FED7A141F4507EF002C210E /* SwiftyJSON.framework */ = {isa = PBXFileReference; lastKnownFileType = wrapper.framework; name = SwiftyJSON.framework; path = "../../Library/Developer/Xcode/DerivedData/game-bbwknhatvjofchbkfzjaoptdrjxu/Build/Products/Debug-iphoneos/SwiftyJSON/SwiftyJSON.framework"; sourceTree = "<group>"; };
		1FF4EBA91F7F0EB800A79855 /* proffessions.xcassets */ = {isa = PBXFileReference; lastKnownFileType = folder.assetcatalog; path = proffessions.xcassets; sourceTree = "<group>"; };
		4B09E456B852A72F5E21A773 /* Pods-game.release.xcconfig */ = {isa = PBXFileReference; includeInIndex = 1; lastKnownFileType = text.xcconfig; name = "Pods-game.release.xcconfig"; path = "Pods/Target Support Files/Pods-game/Pods-game.release.xcconfig"; sourceTree = "<group>"; };
		5D92A3456B5806D456CC59C7 /* Pods-game.debug.xcconfig */ = {isa = PBXFileReference; includeInIndex = 1; lastKnownFileType = text.xcconfig; name = "Pods-game.debug.xcconfig"; path = "Pods/Target Support Files/Pods-game/Pods-game.debug.xcconfig"; sourceTree = "<group>"; };
		8F702023A22315169D2CA114 /* Pods_game.framework */ = {isa = PBXFileReference; explicitFileType = wrapper.framework; includeInIndex = 0; path = Pods_game.framework; sourceTree = BUILT_PRODUCTS_DIR; };
/* End PBXFileReference section */

/* Begin PBXFrameworksBuildPhase section */
		1F1CC0411F3A29CD00E920CA /* Frameworks */ = {
			isa = PBXFrameworksBuildPhase;
			buildActionMask = 2147483647;
			files = (
				1FEB1A8E1F82DF52003F6BDA /* StoreKit.framework in Frameworks */,
			);
			runOnlyForDeploymentPostprocessing = 0;
		};
/* End PBXFrameworksBuildPhase section */

/* Begin PBXGroup section */
		1F1CC03B1F3A29CD00E920CA = {
			isa = PBXGroup;
			children = (
				1FED7A121F450755002C210E /* Podfile */,
				1F1CC0461F3A29CD00E920CA /* game */,
				1F1CC0451F3A29CD00E920CA /* Products */,
				A72915113B2D145545B5D228 /* Pods */,
				75E17AF5CC19E1070D20E453 /* Frameworks */,
			);
			sourceTree = "<group>";
		};
		1F1CC0451F3A29CD00E920CA /* Products */ = {
			isa = PBXGroup;
			children = (
				1F1CC0441F3A29CD00E920CA /* game.app */,
			);
			name = Products;
			sourceTree = "<group>";
		};
		1F1CC0461F3A29CD00E920CA /* game */ = {
			isa = PBXGroup;
			children = (
				1FF65DE81F411A05009BC5B4 /* Audio */,
				1F6045B31F4099A9006761D7 /* UI */,
				1F25D6631F3E4EF6003F64C3 /* assets */,
				1F25D6611F3E4ED7003F64C3 /* support */,
				1F25D6601F3E4ECD003F64C3 /* storyboard */,
				1F25D6641F3E4F0B003F64C3 /* viewcontrollers */,
			);
			path = game;
			sourceTree = "<group>";
		};
		1F22B6221F83CEDC00629C1D /* слова */ = {
			isa = PBXGroup;
			children = (
				1F50B70D1F88560A00D41398 /* траснпорт */,
				1F50B66B1F884C5A00D41398 /* алфавит */,
				1F50B6611F884C5A00D41398 /* геометрия */,
				1F50B62A1F884C5A00D41398 /* дом */,
				1F50B68D1F884C5A00D41398 /* овощи */,
				1F50B6131F88435F00D41398 /* цвета */,
				1F22B6231F83CEDC00629C1D /* цифры */,
			);
			name = "слова";
			path = "words/слова";
			sourceTree = SOURCE_ROOT;
		};
		1F22B6231F83CEDC00629C1D /* цифры */ = {
			isa = PBXGroup;
			children = (
				1F22B6241F83CEDC00629C1D /* 10_1.mp3 */,
				1F22B6251F83CEDC00629C1D /* 1_1.mp3 */,
				1F22B6261F83CEDC00629C1D /* 2_1.mp3 */,
				1F22B6271F83CEDC00629C1D /* 3_1.mp3 */,
				1F22B6281F83CEDC00629C1D /* 4_1.mp3 */,
				1F22B6291F83CEDC00629C1D /* 5_1.mp3 */,
				1F22B62A1F83CEDC00629C1D /* 6_1.mp3 */,
				1F22B62B1F83CEDC00629C1D /* 7_1.mp3 */,
				1F22B62C1F83CEDC00629C1D /* 8_1.mp3 */,
				1F22B62D1F83CEDC00629C1D /* 9_1.mp3 */,
			);
			path = "цифры";
			sourceTree = "<group>";
		};
		1F25D6601F3E4ECD003F64C3 /* storyboard */ = {
			isa = PBXGroup;
			children = (
				1F1CC04B1F3A29CD00E920CA /* Main.storyboard */,
			);
			name = storyboard;
			sourceTree = "<group>";
		};
		1F25D6611F3E4ED7003F64C3 /* support */ = {
			isa = PBXGroup;
			children = (
				1F1CC0531F3A29CD00E920CA /* LaunchScreen.storyboard */,
				1F1CC0471F3A29CD00E920CA /* AppDelegate.swift */,
				1F1CC0561F3A29CD00E920CA /* Info.plist */,
				1F1CC04E1F3A29CD00E920CA /* game.xcdatamodeld */,
			);
			name = support;
			sourceTree = "<group>";
		};
		1F25D6631F3E4EF6003F64C3 /* assets */ = {
			isa = PBXGroup;
			children = (
				1F305E9D1F43CDD700AB4757 /* photo */,
				1F1CC0511F3A29CD00E920CA /* Assets.xcassets */,
				1F2921281F7EDD1300CAB0C9 /* clothes.xcassets */,
				1F28D0DB1F7DD73600A7039B /* bukvy.xcassets */,
				1FF4EBA91F7F0EB800A79855 /* proffessions.xcassets */,
				1FEB534F1F426F3400257447 /* Insects.xcassets */,
				1FAC091A1F6AB72E00B6A170 /* music.xcassets */,
				1FEB53C51F427B3A00257447 /* numbers.xcassets */,
				1FAC0A8A1F6B3B2A00B6A170 /* figures.xcassets */,
				1FEB53C71F427B4500257447 /* Vegetables.xcassets */,
				1F2922DF1F7EE4F900CAB0C9 /* transport.xcassets */,
				1FEB53C91F427B5400257447 /* Colors.xcassets */,
				1F9E382B1F3F4BCA008FFF4F /* animals.xcassets */,
				1FEB53CB1F427C9100257447 /* Fruits.xcassets */,
				1F29217F1F7EE24F00CAB0C9 /* home.xcassets */,
				1F1D27E71F658BEF00AF6D61 /* menu.xcassets */,
			);
			name = assets;
			sourceTree = "<group>";
		};
		1F25D6641F3E4F0B003F64C3 /* viewcontrollers */ = {
			isa = PBXGroup;
			children = (
				1F6045B61F40A09B006761D7 /* Photo */,
				1F97FF1C1F3F38AC000FB828 /* Collections */,
				1F97FF1B1F3F38A5000FB828 /* Setting */,
				1F97FF1A1F3F389B000FB828 /* Main */,
			);
			name = viewcontrollers;
			sourceTree = "<group>";
		};
		1F305E9D1F43CDD700AB4757 /* photo */ = {
			isa = PBXGroup;
			children = (
				1F22B6201F83CB8400629C1D /* photoPhotos.xcassets */,
				1F305E9E1F43CDFB00AB4757 /* photoInsects.xcassets */,
				1F33E0191F7BE9E20068829D /* vegetablePhotos.xcassets */,
				1F33E01B1F7BEA0C0068829D /* fruitPhotos.xcassets */,
				1F33E01D1F7BEA490068829D /* instrumentsPhoto.xcassets */,
			);
			name = photo;
			sourceTree = "<group>";
		};
		1F50B6131F88435F00D41398 /* цвета */ = {
			isa = PBXGroup;
			children = (
				1F50B6141F88435F00D41398 /* белый_1.mp3 */,
				1F50B6151F88435F00D41398 /* голубой_1.mp3 */,
				1F50B6161F88435F00D41398 /* желтый_1.mp3 */,
				1F50B6171F88435F00D41398 /* зеленый_1.mp3 */,
				1F50B6181F88435F00D41398 /* коричневый_1.mp3 */,
				1F50B6191F88435F00D41398 /* красный_1.mp3 */,
				1F50B61A1F88435F00D41398 /* оранжевый_1.mp3 */,
				1F50B61B1F88435F00D41398 /* розовый_1.mp3 */,
				1F50B61C1F88435F00D41398 /* синий_1.mp3 */,
				1F50B61D1F88435F00D41398 /* сиреневый_1.mp3 */,
				1F50B61E1F88435F00D41398 /* черный_1.mp3 */,
			);
			path = "цвета";
			sourceTree = "<group>";
		};
		1F50B62A1F884C5A00D41398 /* дом */ = {
			isa = PBXGroup;
			children = (
				1F50B7301F88578600D41398 /* полотенца_1.mp3 */,
				1F50B62B1F884C5A00D41398 /* ванна_1.mp3 */,
				1F50B62C1F884C5A00D41398 /* вентилятор_1.mp3 */,
				1F50B62D1F884C5A00D41398 /* вилка_1.mp3 */,
				1F50B62E1F884C5A00D41398 /* дверь_1.mp3 */,
				1F50B62F1F884C5A00D41398 /* диван_1.mp3 */,
				1F50B6301F884C5A00D41398 /* зонт_1.mp3 */,
				1F50B6311F884C5A00D41398 /* зубная щетка_1.mp3 */,
				1F50B6321F884C5A00D41398 /* кастрюля_1.mp3 */,
				1F50B6331F884C5A00D41398 /* компьютер_1.mp3 */,
				1F50B6341F884C5A00D41398 /* кран_1.mp3 */,
				1F50B6351F884C5A00D41398 /* кресло_1.mp3 */,
				1F50B6361F884C5A00D41398 /* кровать_1.mp3 */,
				1F50B6371F884C5A00D41398 /* кружка_1.mp3 */,
				1F50B6381F884C5A00D41398 /* лампа_1.mp3 */,
				1F50B6391F884C5A00D41398 /* ложка_1.mp3 */,
				1F50B63A1F884C5A00D41398 /* микроволновая печь_1.mp3 */,
				1F50B63B1F884C5A00D41398 /* миксер_1.mp3 */,
				1F50B63C1F884C5A00D41398 /* нож_1.mp3 */,
				1F50B63D1F884C5A00D41398 /* ножницы_1.mp3 */,
				1F50B63E1F884C5A00D41398 /* плита_1.mp3 */,
				1F50B63F1F884C5A00D41398 /* поварешки_1.mp3 */,
				1F50B6411F884C5A00D41398 /* пылесос_1.mp3 */,
				1F50B6421F884C5A00D41398 /* ручка_1.mp3 */,
				1F50B6431F884C5A00D41398 /* сковорода_1.mp3 */,
				1F50B6441F884C5A00D41398 /* стакан_1.mp3 */,
				1F50B6451F884C5A00D41398 /* стиральная машина_1.mp3 */,
				1F50B6461F884C5A00D41398 /* стол_1.mp3 */,
				1F50B6471F884C5A00D41398 /* стул_1.mp3 */,
				1F50B6481F884C5A00D41398 /* тарелка_1.mp3 */,
				1F50B6491F884C5A00D41398 /* телефон_1.mp3 */,
				1F50B64A1F884C5A00D41398 /* терка_1.mp3 */,
				1F50B64B1F884C5A00D41398 /* утюг_1.mp3 */,
				1F50B64C1F884C5A00D41398 /* фен_1.mp3 */,
				1F50B64D1F884C5A00D41398 /* холодильник_1.mp3 */,
				1F50B64E1F884C5A00D41398 /* чайник_1.mp3 */,
				1F50B64F1F884C5A00D41398 /* часы_1.mp3 */,
			);
			path = "дом";
			sourceTree = "<group>";
		};
		1F50B6611F884C5A00D41398 /* геометрия */ = {
			isa = PBXGroup;
			children = (
				1F50B6621F884C5A00D41398 /* звезда_1.mp3 */,
				1F50B6631F884C5A00D41398 /* квадрат_1.mp3 */,
				1F50B6641F884C5A00D41398 /* круг_1.mp3 */,
				1F50B6651F884C5A00D41398 /* овал_1.mp3 */,
				1F50B6661F884C5A00D41398 /* полукруг_1.mp3 */,
				1F50B6671F884C5A00D41398 /* прямоугольник_1.mp3 */,
				1F50B6681F884C5A00D41398 /* ромб_1.mp3 */,
				1F50B6691F884C5A00D41398 /* трапеция_1.mp3 */,
				1F50B66A1F884C5A00D41398 /* треугольник_1.mp3 */,
			);
			path = "геометрия";
			sourceTree = "<group>";
		};
		1F50B66B1F884C5A00D41398 /* алфавит */ = {
			isa = PBXGroup;
			children = (
				1F50B7091F8854FA00D41398 /* ё-1_1.mp3 */,
				1F50B70A1F8854FA00D41398 /* й-1_1.mp3 */,
				1F50B66C1F884C5A00D41398 /* а_1.mp3 */,
				1F50B66D1F884C5A00D41398 /* б_1.mp3 */,
				1F50B66E1F884C5A00D41398 /* в_1.mp3 */,
				1F50B66F1F884C5A00D41398 /* г_1.mp3 */,
				1F50B6701F884C5A00D41398 /* д_1.mp3 */,
				1F50B6711F884C5A00D41398 /* е_1.mp3 */,
				1F50B6731F884C5A00D41398 /* ж_1.mp3 */,
				1F50B6741F884C5A00D41398 /* з_1.mp3 */,
				1F50B6751F884C5A00D41398 /* и_1.mp3 */,
				1F50B6771F884C5A00D41398 /* к_1.mp3 */,
				1F50B6781F884C5A00D41398 /* л_1.mp3 */,
				1F50B6791F884C5A00D41398 /* м_1.mp3 */,
				1F50B67A1F884C5A00D41398 /* н_1.mp3 */,
				1F50B67B1F884C5A00D41398 /* о_1.mp3 */,
				1F50B67C1F884C5A00D41398 /* п_1.mp3 */,
				1F50B67D1F884C5A00D41398 /* р_1.mp3 */,
				1F50B67E1F884C5A00D41398 /* с_1.mp3 */,
				1F50B67F1F884C5A00D41398 /* т_1.mp3 */,
				1F50B6801F884C5A00D41398 /* у_1.mp3 */,
				1F50B6811F884C5A00D41398 /* ф_1.mp3 */,
				1F50B6821F884C5A00D41398 /* х_1.mp3 */,
				1F50B6831F884C5A00D41398 /* ц_1.mp3 */,
				1F50B6841F884C5A00D41398 /* ч_1.mp3 */,
				1F50B6851F884C5A00D41398 /* ш_1.mp3 */,
				1F50B6861F884C5A00D41398 /* щ_1.mp3 */,
				1F50B6871F884C5A00D41398 /* ъ_1.mp3 */,
				1F50B6881F884C5A00D41398 /* ы_1.mp3 */,
				1F50B6891F884C5A00D41398 /* ь_1.mp3 */,
				1F50B68A1F884C5A00D41398 /* э_1.mp3 */,
				1F50B68B1F884C5A00D41398 /* ю_1.mp3 */,
				1F50B68C1F884C5A00D41398 /* я_1.mp3 */,
			);
			path = "алфавит";
			sourceTree = "<group>";
		};
		1F50B68D1F884C5A00D41398 /* овощи */ = {
			isa = PBXGroup;
			children = (
				1F50B68E1F884C5A00D41398 /* баклажан_1.mp3 */,
				1F50B68F1F884C5A00D41398 /* кабачок_1.mp3 */,
				1F50B6901F884C5A00D41398 /* капуста_1.mp3 */,
				1F50B6911F884C5A00D41398 /* картофель_1.mp3 */,
				1F50B6921F884C5A00D41398 /* кукуруза_1.mp3 */,
				1F50B6931F884C5A00D41398 /* лук_1.mp3 */,
				1F50B6941F884C5A00D41398 /* морковь_1.mp3 */,
				1F50B6951F884C5A00D41398 /* огурец_1.mp3 */,
				1F50B6961F884C5A00D41398 /* перец_1.mp3 */,
				1F50B6971F884C5A00D41398 /* помидор_1.mp3 */,
				1F50B6981F884C5A00D41398 /* репа_1.mp3 */,
				1F50B6991F884C5A00D41398 /* свекла_1.mp3 */,
				1F50B69A1F884C5A00D41398 /* тыква_1.mp3 */,
				1F50B69B1F884C5A00D41398 /* укроп_1.mp3 */,
			);
			path = "овощи";
			sourceTree = "<group>";
		};
		1F50B70D1F88560A00D41398 /* траснпорт */ = {
			isa = PBXGroup;
			children = (
				1F50B72E1F8856DF00D41398 /* пожарная машина_1.mp3 */,
				1F50B70E1F88560A00D41398 /* автобус_1.mp3 */,
				1F50B70F1F88560A00D41398 /* велосипед_1.mp3 */,
				1F50B7101F88560A00D41398 /* вертолет_1.mp3 */,
				1F50B7111F88560A00D41398 /* воздушный шар_1.mp3 */,
				1F50B7121F88560A00D41398 /* грузовик_1.mp3 */,
				1F50B7131F88560A00D41398 /* корабль_1.mp3 */,
				1F50B7141F88560A00D41398 /* легковой автомобиль_1.mp3 */,
				1F50B7151F88560A00D41398 /* мотоцикл_1.mp3 */,
				1F50B7161F88560A00D41398 /* поезд_1.mp3 */,
				1F50B7181F88560A00D41398 /* полицейская машина_1.mp3 */,
				1F50B7191F88560A00D41398 /* ракета_1.mp3 */,
				1F50B71A1F88560A00D41398 /* самолет_1.mp3 */,
				1F50B71B1F88560A00D41398 /* скорая помощь_1.mp3 */,
				1F50B71C1F88560A00D41398 /* трактор_1.mp3 */,
				1F50B71D1F88560A00D41398 /* экскаватор_1.mp3 */,
			);
			path = "траснпорт";
			sourceTree = "<group>";
		};
		1F6045B31F4099A9006761D7 /* UI */ = {
			isa = PBXGroup;
			children = (
				1F6045B01F409996006761D7 /* customView.swift */,
			);
			name = UI;
			sourceTree = "<group>";
		};
		1F6045B61F40A09B006761D7 /* Photo */ = {
			isa = PBXGroup;
			children = (
				1F6045B41F40A095006761D7 /* photoViewController.swift */,
			);
			name = Photo;
			sourceTree = "<group>";
		};
		1F97FF1A1F3F389B000FB828 /* Main */ = {
			isa = PBXGroup;
			children = (
				1F25D6651F3E862B003F64C3 /* twoViewController.swift */,
				1F221EC71F4257B100177EB7 /* colors.swift */,
				1F1CC0491F3A29CD00E920CA /* ViewController.swift */,
			);
			name = Main;
			sourceTree = "<group>";
		};
		1F97FF1B1F3F38A5000FB828 /* Setting */ = {
			isa = PBXGroup;
			children = (
				1F25D6671F3E8653003F64C3 /* settingViewController.swift */,
			);
			name = Setting;
			sourceTree = "<group>";
		};
		1F97FF1C1F3F38AC000FB828 /* Collections */ = {
			isa = PBXGroup;
			children = (
				1F1FBC371F3FC3CD004B6517 /* headerReusableView.swift */,
				1F9E38291F3F49E8008FFF4F /* CollectionViewCell.swift */,
				1F9E38271F3F49CD008FFF4F /* collectionViewController.swift */,
			);
			name = Collections;
			sourceTree = "<group>";
		};
		1FF65DE81F411A05009BC5B4 /* Audio */ = {
			isa = PBXGroup;
			children = (
				1F22B6221F83CEDC00629C1D /* слова */,
			);
			name = Audio;
			sourceTree = "<group>";
		};
		75E17AF5CC19E1070D20E453 /* Frameworks */ = {
			isa = PBXGroup;
			children = (
				1FEB1A8D1F82DF52003F6BDA /* StoreKit.framework */,
				1FED7A141F4507EF002C210E /* SwiftyJSON.framework */,
				8F702023A22315169D2CA114 /* Pods_game.framework */,
			);
			name = Frameworks;
			sourceTree = "<group>";
		};
		A72915113B2D145545B5D228 /* Pods */ = {
			isa = PBXGroup;
			children = (
				5D92A3456B5806D456CC59C7 /* Pods-game.debug.xcconfig */,
				4B09E456B852A72F5E21A773 /* Pods-game.release.xcconfig */,
			);
			name = Pods;
			sourceTree = "<group>";
		};
/* End PBXGroup section */

/* Begin PBXNativeTarget section */
		1F1CC0431F3A29CD00E920CA /* game */ = {
			isa = PBXNativeTarget;
			buildConfigurationList = 1F1CC0591F3A29CD00E920CA /* Build configuration list for PBXNativeTarget "game" */;
			buildPhases = (
				8ED4ED725EC934C1FA50CA6A /* [CP] Check Pods Manifest.lock */,
				1F1CC0401F3A29CD00E920CA /* Sources */,
				1F1CC0411F3A29CD00E920CA /* Frameworks */,
				1F1CC0421F3A29CD00E920CA /* Resources */,
				EF40D0EF0CDCBC5F019C73A2 /* [CP] Embed Pods Frameworks */,
				1B0C2CD99833DA7C40802ABE /* [CP] Copy Pods Resources */,
			);
			buildRules = (
			);
			dependencies = (
			);
			name = game;
			productName = game;
			productReference = 1F1CC0441F3A29CD00E920CA /* game.app */;
			productType = "com.apple.product-type.application";
		};
/* End PBXNativeTarget section */

/* Begin PBXProject section */
		1F1CC03C1F3A29CD00E920CA /* Project object */ = {
			isa = PBXProject;
			attributes = {
				LastSwiftUpdateCheck = 0830;
				LastUpgradeCheck = 0830;
				ORGANIZATIONNAME = "Александр";
				TargetAttributes = {
					1F1CC0431F3A29CD00E920CA = {
						CreatedOnToolsVersion = 8.3.3;
						DevelopmentTeam = 7R3TT7CEYH;
						ProvisioningStyle = Automatic;
						SystemCapabilities = {
							com.apple.InAppPurchase = {
								enabled = 1;
							};
						};
					};
				};
			};
			buildConfigurationList = 1F1CC03F1F3A29CD00E920CA /* Build configuration list for PBXProject "game" */;
			compatibilityVersion = "Xcode 3.2";
			developmentRegion = English;
			hasScannedForEncodings = 0;
			knownRegions = (
				en,
				Base,
			);
			mainGroup = 1F1CC03B1F3A29CD00E920CA;
			productRefGroup = 1F1CC0451F3A29CD00E920CA /* Products */;
			projectDirPath = "";
			projectRoot = "";
			targets = (
				1F1CC0431F3A29CD00E920CA /* game */,
			);
		};
/* End PBXProject section */

/* Begin PBXResourcesBuildPhase section */
		1F1CC0421F3A29CD00E920CA /* Resources */ = {
			isa = PBXResourcesBuildPhase;
			buildActionMask = 2147483647;
			files = (
				1F50B6F01F884C5A00D41398 /* х_1.mp3 in Resources */,
				1F50B6FB1F884C5A00D41398 /* баклажан_1.mp3 in Resources */,
				1F50B6E51F884C5A00D41398 /* к_1.mp3 in Resources */,
				1F50B69F1F884C5A00D41398 /* дверь_1.mp3 in Resources */,
				1F50B6A31F884C5A00D41398 /* кастрюля_1.mp3 in Resources */,
				1F50B6AC1F884C5A00D41398 /* миксер_1.mp3 in Resources */,
				1F50B7311F88578700D41398 /* полотенца_1.mp3 in Resources */,
				1F50B6BE1F884C5A00D41398 /* холодильник_1.mp3 in Resources */,
				1F2922E01F7EE4F900CAB0C9 /* transport.xcassets in Resources */,
				1F50B6EB1F884C5A00D41398 /* р_1.mp3 in Resources */,
				1F50B6241F88435F00D41398 /* красный_1.mp3 in Resources */,
				1FED7A131F450755002C210E /* Podfile in Resources */,
				1F50B6281F88435F00D41398 /* сиреневый_1.mp3 in Resources */,
				1F50B61F1F88435F00D41398 /* белый_1.mp3 in Resources */,
				1F50B6E81F884C5A00D41398 /* н_1.mp3 in Resources */,
				1F28D0DC1F7DD73600A7039B /* bukvy.xcassets in Resources */,
				1F1CC0551F3A29CD00E920CA /* LaunchScreen.storyboard in Resources */,
				1F50B6F21F884C5A00D41398 /* ч_1.mp3 in Resources */,
				1F50B6D61F884C5A00D41398 /* прямоугольник_1.mp3 in Resources */,
				1F50B6261F88435F00D41398 /* розовый_1.mp3 in Resources */,
				1F50B72A1F88560A00D41398 /* самолет_1.mp3 in Resources */,
				1FF4EBAA1F7F0EB800A79855 /* proffessions.xcassets in Resources */,
				1F50B6A71F884C5A00D41398 /* кровать_1.mp3 in Resources */,
				1F50B7211F88560A00D41398 /* воздушный шар_1.mp3 in Resources */,
				1F50B6D71F884C5A00D41398 /* ромб_1.mp3 in Resources */,
				1F50B6DA1F884C5A00D41398 /* а_1.mp3 in Resources */,
				1F50B6BB1F884C5A00D41398 /* терка_1.mp3 in Resources */,
				1F50B7031F884C5A00D41398 /* перец_1.mp3 in Resources */,
				1F50B6EF1F884C5A00D41398 /* ф_1.mp3 in Resources */,
				1F50B6251F88435F00D41398 /* оранжевый_1.mp3 in Resources */,
				1F50B6FD1F884C5A00D41398 /* капуста_1.mp3 in Resources */,
				1F50B6D31F884C5A00D41398 /* круг_1.mp3 in Resources */,
				1F22B6301F83CEDC00629C1D /* 2_1.mp3 in Resources */,
				1F50B6201F88435F00D41398 /* голубой_1.mp3 in Resources */,
				1F50B6B61F884C5A00D41398 /* стиральная машина_1.mp3 in Resources */,
				1FEB53CA1F427B5400257447 /* Colors.xcassets in Resources */,
				1FEB53CC1F427C9100257447 /* Fruits.xcassets in Resources */,
				1F50B7051F884C5A00D41398 /* репа_1.mp3 in Resources */,
				1FAC0A8B1F6B3B2A00B6A170 /* figures.xcassets in Resources */,
				1F50B6DB1F884C5A00D41398 /* б_1.mp3 in Resources */,
				1F50B7291F88560A00D41398 /* ракета_1.mp3 in Resources */,
				1FAC091B1F6AB72E00B6A170 /* music.xcassets in Resources */,
				1F50B6E71F884C5A00D41398 /* м_1.mp3 in Resources */,
				1F33E01A1F7BE9E20068829D /* vegetablePhotos.xcassets in Resources */,
				1F9E382C1F3F4BCA008FFF4F /* animals.xcassets in Resources */,
				1F50B6DD1F884C5A00D41398 /* г_1.mp3 in Resources */,
				1F50B69D1F884C5A00D41398 /* вентилятор_1.mp3 in Resources */,
				1F50B72C1F88560A00D41398 /* трактор_1.mp3 in Resources */,
				1F50B6F11F884C5A00D41398 /* ц_1.mp3 in Resources */,
				1F22B6211F83CB8400629C1D /* photoPhotos.xcassets in Resources */,
				1F22B6361F83CEDC00629C1D /* 8_1.mp3 in Resources */,
				1F50B6A01F884C5A00D41398 /* диван_1.mp3 in Resources */,
				1F50B6D41F884C5A00D41398 /* овал_1.mp3 in Resources */,
				1FEB53501F426F3400257447 /* Insects.xcassets in Resources */,
				1F22B6371F83CEDC00629C1D /* 9_1.mp3 in Resources */,
				1F2921291F7EDD1300CAB0C9 /* clothes.xcassets in Resources */,
				1F50B7231F88560A00D41398 /* корабль_1.mp3 in Resources */,
				1F50B6FC1F884C5A00D41398 /* кабачок_1.mp3 in Resources */,
				1F50B69E1F884C5A00D41398 /* вилка_1.mp3 in Resources */,
				1F33E01E1F7BEA490068829D /* instrumentsPhoto.xcassets in Resources */,
				1F50B6B91F884C5A00D41398 /* тарелка_1.mp3 in Resources */,
				1F50B69C1F884C5A00D41398 /* ванна_1.mp3 in Resources */,
				1F50B6E21F884C5A00D41398 /* з_1.mp3 in Resources */,
				1F50B7251F88560A00D41398 /* мотоцикл_1.mp3 in Resources */,
				1F50B6F31F884C5A00D41398 /* ш_1.mp3 in Resources */,
				1F50B7241F88560A00D41398 /* легковой автомобиль_1.mp3 in Resources */,
				1F50B6EE1F884C5A00D41398 /* у_1.mp3 in Resources */,
				1F50B6211F88435F00D41398 /* желтый_1.mp3 in Resources */,
				1F50B7071F884C5A00D41398 /* тыква_1.mp3 in Resources */,
				1F50B7221F88560A00D41398 /* грузовик_1.mp3 in Resources */,
				1F50B6FF1F884C5A00D41398 /* кукуруза_1.mp3 in Resources */,
				1F50B6F61F884C5A00D41398 /* ы_1.mp3 in Resources */,
				1F50B6B51F884C5A00D41398 /* стакан_1.mp3 in Resources */,
				1F50B7201F88560A00D41398 /* вертолет_1.mp3 in Resources */,
				1F50B7011F884C5A00D41398 /* морковь_1.mp3 in Resources */,
				1F22B62E1F83CEDC00629C1D /* 10_1.mp3 in Resources */,
				1F22B6321F83CEDC00629C1D /* 4_1.mp3 in Resources */,
				1F50B6221F88435F00D41398 /* зеленый_1.mp3 in Resources */,
				1F50B70B1F8854FA00D41398 /* ё-1_1.mp3 in Resources */,
				1F305E9F1F43CDFB00AB4757 /* photoInsects.xcassets in Resources */,
				1F50B6FA1F884C5A00D41398 /* я_1.mp3 in Resources */,
				1F1CC0521F3A29CD00E920CA /* Assets.xcassets in Resources */,
				1F50B72B1F88560A00D41398 /* скорая помощь_1.mp3 in Resources */,
				1F50B6A21F884C5A00D41398 /* зубная щетка_1.mp3 in Resources */,
				1F50B6BC1F884C5A00D41398 /* утюг_1.mp3 in Resources */,
				1F22B6331F83CEDC00629C1D /* 5_1.mp3 in Resources */,
				1F50B6BF1F884C5A00D41398 /* чайник_1.mp3 in Resources */,
				1F50B6A81F884C5A00D41398 /* кружка_1.mp3 in Resources */,
				1F50B6AB1F884C5A00D41398 /* микроволновая печь_1.mp3 in Resources */,
				1F50B6AA1F884C5A00D41398 /* ложка_1.mp3 in Resources */,
				1F50B6271F88435F00D41398 /* синий_1.mp3 in Resources */,
				1F50B72F1F8856DF00D41398 /* пожарная машина_1.mp3 in Resources */,
				1F50B6A91F884C5A00D41398 /* лампа_1.mp3 in Resources */,
				1F50B6BD1F884C5A00D41398 /* фен_1.mp3 in Resources */,
				1F50B6EA1F884C5A00D41398 /* п_1.mp3 in Resources */,
				1F50B6B01F884C5A00D41398 /* поварешки_1.mp3 in Resources */,
				1F50B6E61F884C5A00D41398 /* л_1.mp3 in Resources */,
				1F50B72D1F88560A00D41398 /* экскаватор_1.mp3 in Resources */,
				1F50B6231F88435F00D41398 /* коричневый_1.mp3 in Resources */,
				1F50B6A61F884C5A00D41398 /* кресло_1.mp3 in Resources */,
				1F50B7061F884C5A00D41398 /* свекла_1.mp3 in Resources */,
				1F50B7081F884C5A00D41398 /* укроп_1.mp3 in Resources */,
				1F50B6D11F884C5A00D41398 /* звезда_1.mp3 in Resources */,
				1F50B6DF1F884C5A00D41398 /* е_1.mp3 in Resources */,
				1F50B6A11F884C5A00D41398 /* зонт_1.mp3 in Resources */,
				1F50B6A51F884C5A00D41398 /* кран_1.mp3 in Resources */,
				1F50B6F41F884C5A00D41398 /* щ_1.mp3 in Resources */,
				1F50B6FE1F884C5A00D41398 /* картофель_1.mp3 in Resources */,
				1F50B7021F884C5A00D41398 /* огурец_1.mp3 in Resources */,
				1F50B6291F88435F00D41398 /* черный_1.mp3 in Resources */,
				1F22B6351F83CEDC00629C1D /* 7_1.mp3 in Resources */,
				1F50B71F1F88560A00D41398 /* велосипед_1.mp3 in Resources */,
				1F50B6EC1F884C5A00D41398 /* с_1.mp3 in Resources */,
				1F22B6341F83CEDC00629C1D /* 6_1.mp3 in Resources */,
				1F50B6D21F884C5A00D41398 /* квадрат_1.mp3 in Resources */,
				1F2921801F7EE24F00CAB0C9 /* home.xcassets in Resources */,
				1F50B6D81F884C5A00D41398 /* трапеция_1.mp3 in Resources */,
				1F50B6BA1F884C5A00D41398 /* телефон_1.mp3 in Resources */,
				1F50B6F71F884C5A00D41398 /* ь_1.mp3 in Resources */,
				1F1CC04D1F3A29CD00E920CA /* Main.storyboard in Resources */,
				1F50B6F51F884C5A00D41398 /* ъ_1.mp3 in Resources */,
				1F22B6311F83CEDC00629C1D /* 3_1.mp3 in Resources */,
				1F50B6ED1F884C5A00D41398 /* т_1.mp3 in Resources */,
				1F50B6AE1F884C5A00D41398 /* ножницы_1.mp3 in Resources */,
				1F50B6B71F884C5A00D41398 /* стол_1.mp3 in Resources */,
				1FEB53C61F427B3A00257447 /* numbers.xcassets in Resources */,
				1F50B7261F88560A00D41398 /* поезд_1.mp3 in Resources */,
				1F50B6AD1F884C5A00D41398 /* нож_1.mp3 in Resources */,
				1F50B7281F88560A00D41398 /* полицейская машина_1.mp3 in Resources */,
				1F50B6B41F884C5A00D41398 /* сковорода_1.mp3 in Resources */,
				1F50B6F91F884C5A00D41398 /* ю_1.mp3 in Resources */,
				1F50B6E91F884C5A00D41398 /* о_1.mp3 in Resources */,
				1F50B6A41F884C5A00D41398 /* компьютер_1.mp3 in Resources */,
				1F50B6DE1F884C5A00D41398 /* д_1.mp3 in Resources */,
				1F50B6B31F884C5A00D41398 /* ручка_1.mp3 in Resources */,
				1F50B6E31F884C5A00D41398 /* и_1.mp3 in Resources */,
				1F50B6D91F884C5A00D41398 /* треугольник_1.mp3 in Resources */,
				1F50B6B21F884C5A00D41398 /* пылесос_1.mp3 in Resources */,
				1F50B70C1F8854FA00D41398 /* й-1_1.mp3 in Resources */,
				1F50B6C01F884C5A00D41398 /* часы_1.mp3 in Resources */,
				1F50B7041F884C5A00D41398 /* помидор_1.mp3 in Resources */,
				1F22B62F1F83CEDC00629C1D /* 1_1.mp3 in Resources */,
				1FEB53C81F427B4500257447 /* Vegetables.xcassets in Resources */,
				1F50B6B81F884C5A00D41398 /* стул_1.mp3 in Resources */,
				1F50B6AF1F884C5A00D41398 /* плита_1.mp3 in Resources */,
				1F50B6D51F884C5A00D41398 /* полукруг_1.mp3 in Resources */,
				1F33E01C1F7BEA0C0068829D /* fruitPhotos.xcassets in Resources */,
				1F50B6E11F884C5A00D41398 /* ж_1.mp3 in Resources */,
				1F50B7001F884C5A00D41398 /* лук_1.mp3 in Resources */,
				1F50B71E1F88560A00D41398 /* автобус_1.mp3 in Resources */,
				1F50B6F81F884C5A00D41398 /* э_1.mp3 in Resources */,
				1F1D27E81F658BEF00AF6D61 /* menu.xcassets in Resources */,
				1F50B6DC1F884C5A00D41398 /* в_1.mp3 in Resources */,
			);
			runOnlyForDeploymentPostprocessing = 0;
		};
/* End PBXResourcesBuildPhase section */

/* Begin PBXShellScriptBuildPhase section */
		1B0C2CD99833DA7C40802ABE /* [CP] Copy Pods Resources */ = {
			isa = PBXShellScriptBuildPhase;
			buildActionMask = 2147483647;
			files = (
			);
			inputPaths = (
			);
			name = "[CP] Copy Pods Resources";
			outputPaths = (
			);
			runOnlyForDeploymentPostprocessing = 0;
			shellPath = /bin/sh;
			shellScript = "\"${SRCROOT}/Pods/Target Support Files/Pods-game/Pods-game-resources.sh\"\n";
			showEnvVarsInLog = 0;
		};
		8ED4ED725EC934C1FA50CA6A /* [CP] Check Pods Manifest.lock */ = {
			isa = PBXShellScriptBuildPhase;
			buildActionMask = 2147483647;
			files = (
			);
			inputPaths = (
			);
			name = "[CP] Check Pods Manifest.lock";
			outputPaths = (
			);
			runOnlyForDeploymentPostprocessing = 0;
			shellPath = /bin/sh;
			shellScript = "diff \"${PODS_PODFILE_DIR_PATH}/Podfile.lock\" \"${PODS_ROOT}/Manifest.lock\" > /dev/null\nif [ $? != 0 ] ; then\n    # print error to STDERR\n    echo \"error: The sandbox is not in sync with the Podfile.lock. Run 'pod install' or update your CocoaPods installation.\" >&2\n    exit 1\nfi\n";
			showEnvVarsInLog = 0;
		};
		EF40D0EF0CDCBC5F019C73A2 /* [CP] Embed Pods Frameworks */ = {
			isa = PBXShellScriptBuildPhase;
			buildActionMask = 2147483647;
			files = (
			);
			inputPaths = (
			);
			name = "[CP] Embed Pods Frameworks";
			outputPaths = (
			);
			runOnlyForDeploymentPostprocessing = 0;
			shellPath = /bin/sh;
			shellScript = "\"${SRCROOT}/Pods/Target Support Files/Pods-game/Pods-game-frameworks.sh\"\n";
			showEnvVarsInLog = 0;
		};
/* End PBXShellScriptBuildPhase section */

/* Begin PBXSourcesBuildPhase section */
		1F1CC0401F3A29CD00E920CA /* Sources */ = {
			isa = PBXSourcesBuildPhase;
			buildActionMask = 2147483647;
			files = (
				1F1CC04A1F3A29CD00E920CA /* ViewController.swift in Sources */,
				1F1CC0481F3A29CD00E920CA /* AppDelegate.swift in Sources */,
				1F1FBC381F3FC3CD004B6517 /* headerReusableView.swift in Sources */,
				1F9E38281F3F49CD008FFF4F /* collectionViewController.swift in Sources */,
				1F9E382A1F3F49E8008FFF4F /* CollectionViewCell.swift in Sources */,
				1F6045B51F40A095006761D7 /* photoViewController.swift in Sources */,
				1F221EC81F4257B100177EB7 /* colors.swift in Sources */,
				1F25D6681F3E8653003F64C3 /* settingViewController.swift in Sources */,
				1F1CC0501F3A29CD00E920CA /* game.xcdatamodeld in Sources */,
				1F6045B11F409996006761D7 /* customView.swift in Sources */,
				1F25D6661F3E862B003F64C3 /* twoViewController.swift in Sources */,
			);
			runOnlyForDeploymentPostprocessing = 0;
		};
/* End PBXSourcesBuildPhase section */

/* Begin PBXVariantGroup section */
		1F1CC04B1F3A29CD00E920CA /* Main.storyboard */ = {
			isa = PBXVariantGroup;
			children = (
				1F1CC04C1F3A29CD00E920CA /* Base */,
			);
			name = Main.storyboard;
			sourceTree = "<group>";
		};
		1F1CC0531F3A29CD00E920CA /* LaunchScreen.storyboard */ = {
			isa = PBXVariantGroup;
			children = (
				1F1CC0541F3A29CD00E920CA /* Base */,
			);
			name = LaunchScreen.storyboard;
			sourceTree = "<group>";
		};
/* End PBXVariantGroup section */

/* Begin XCBuildConfiguration section */
		1F1CC0571F3A29CD00E920CA /* Debug */ = {
			isa = XCBuildConfiguration;
			buildSettings = {
				ALWAYS_SEARCH_USER_PATHS = NO;
				CLANG_ANALYZER_NONNULL = YES;
				CLANG_ANALYZER_NUMBER_OBJECT_CONVERSION = YES_AGGRESSIVE;
				CLANG_CXX_LANGUAGE_STANDARD = "gnu++0x";
				CLANG_CXX_LIBRARY = "libc++";
				CLANG_ENABLE_MODULES = YES;
				CLANG_ENABLE_OBJC_ARC = YES;
				CLANG_WARN_BOOL_CONVERSION = YES;
				CLANG_WARN_CONSTANT_CONVERSION = YES;
				CLANG_WARN_DIRECT_OBJC_ISA_USAGE = YES_ERROR;
				CLANG_WARN_DOCUMENTATION_COMMENTS = YES;
				CLANG_WARN_EMPTY_BODY = YES;
				CLANG_WARN_ENUM_CONVERSION = YES;
				CLANG_WARN_INFINITE_RECURSION = YES;
				CLANG_WARN_INT_CONVERSION = YES;
				CLANG_WARN_OBJC_ROOT_CLASS = YES_ERROR;
				CLANG_WARN_SUSPICIOUS_MOVE = YES;
				CLANG_WARN_UNREACHABLE_CODE = YES;
				CLANG_WARN__DUPLICATE_METHOD_MATCH = YES;
				"CODE_SIGN_IDENTITY[sdk=iphoneos*]" = "iPhone Developer";
				COPY_PHASE_STRIP = NO;
				DEBUG_INFORMATION_FORMAT = dwarf;
				ENABLE_STRICT_OBJC_MSGSEND = YES;
				ENABLE_TESTABILITY = YES;
				GCC_C_LANGUAGE_STANDARD = gnu99;
				GCC_DYNAMIC_NO_PIC = NO;
				GCC_NO_COMMON_BLOCKS = YES;
				GCC_OPTIMIZATION_LEVEL = 0;
				GCC_PREPROCESSOR_DEFINITIONS = (
					"DEBUG=1",
					"$(inherited)",
				);
				GCC_WARN_64_TO_32_BIT_CONVERSION = YES;
				GCC_WARN_ABOUT_RETURN_TYPE = YES_ERROR;
				GCC_WARN_UNDECLARED_SELECTOR = YES;
				GCC_WARN_UNINITIALIZED_AUTOS = YES_AGGRESSIVE;
				GCC_WARN_UNUSED_FUNCTION = YES;
				GCC_WARN_UNUSED_VARIABLE = YES;
				IPHONEOS_DEPLOYMENT_TARGET = 10.3;
				MTL_ENABLE_DEBUG_INFO = YES;
				ONLY_ACTIVE_ARCH = YES;
				SDKROOT = iphoneos;
				SWIFT_ACTIVE_COMPILATION_CONDITIONS = DEBUG;
				SWIFT_OPTIMIZATION_LEVEL = "-Onone";
			};
			name = Debug;
		};
		1F1CC0581F3A29CD00E920CA /* Release */ = {
			isa = XCBuildConfiguration;
			buildSettings = {
				ALWAYS_SEARCH_USER_PATHS = NO;
				CLANG_ANALYZER_NONNULL = YES;
				CLANG_ANALYZER_NUMBER_OBJECT_CONVERSION = YES_AGGRESSIVE;
				CLANG_CXX_LANGUAGE_STANDARD = "gnu++0x";
				CLANG_CXX_LIBRARY = "libc++";
				CLANG_ENABLE_MODULES = YES;
				CLANG_ENABLE_OBJC_ARC = YES;
				CLANG_WARN_BOOL_CONVERSION = YES;
				CLANG_WARN_CONSTANT_CONVERSION = YES;
				CLANG_WARN_DIRECT_OBJC_ISA_USAGE = YES_ERROR;
				CLANG_WARN_DOCUMENTATION_COMMENTS = YES;
				CLANG_WARN_EMPTY_BODY = YES;
				CLANG_WARN_ENUM_CONVERSION = YES;
				CLANG_WARN_INFINITE_RECURSION = YES;
				CLANG_WARN_INT_CONVERSION = YES;
				CLANG_WARN_OBJC_ROOT_CLASS = YES_ERROR;
				CLANG_WARN_SUSPICIOUS_MOVE = YES;
				CLANG_WARN_UNREACHABLE_CODE = YES;
				CLANG_WARN__DUPLICATE_METHOD_MATCH = YES;
				"CODE_SIGN_IDENTITY[sdk=iphoneos*]" = "iPhone Developer";
				COPY_PHASE_STRIP = NO;
				DEBUG_INFORMATION_FORMAT = "dwarf-with-dsym";
				ENABLE_NS_ASSERTIONS = NO;
				ENABLE_STRICT_OBJC_MSGSEND = YES;
				GCC_C_LANGUAGE_STANDARD = gnu99;
				GCC_NO_COMMON_BLOCKS = YES;
				GCC_WARN_64_TO_32_BIT_CONVERSION = YES;
				GCC_WARN_ABOUT_RETURN_TYPE = YES_ERROR;
				GCC_WARN_UNDECLARED_SELECTOR = YES;
				GCC_WARN_UNINITIALIZED_AUTOS = YES_AGGRESSIVE;
				GCC_WARN_UNUSED_FUNCTION = YES;
				GCC_WARN_UNUSED_VARIABLE = YES;
				IPHONEOS_DEPLOYMENT_TARGET = 10.3;
				MTL_ENABLE_DEBUG_INFO = NO;
				SDKROOT = iphoneos;
				SWIFT_OPTIMIZATION_LEVEL = "-Owholemodule";
				VALIDATE_PRODUCT = YES;
			};
			name = Release;
		};
		1F1CC05A1F3A29CD00E920CA /* Debug */ = {
			isa = XCBuildConfiguration;
			baseConfigurationReference = 5D92A3456B5806D456CC59C7 /* Pods-game.debug.xcconfig */;
			buildSettings = {
				ASSETCATALOG_COMPILER_APPICON_NAME = AppIcon;
				"CODE_SIGN_IDENTITY[sdk=iphoneos*]" = "iPhone Developer";
				CODE_SIGN_STYLE = Automatic;
				DEVELOPMENT_TEAM = 7R3TT7CEYH;
				INFOPLIST_FILE = game/Info.plist;
				IPHONEOS_DEPLOYMENT_TARGET = 10.0;
				LD_RUNPATH_SEARCH_PATHS = "$(inherited) @executable_path/Frameworks";
				PRODUCT_BUNDLE_IDENTIFIER = baby.iq;
				PRODUCT_NAME = "$(TARGET_NAME)";
				PROVISIONING_PROFILE_SPECIFIER = "";
				SWIFT_VERSION = 3.0;
			};
			name = Debug;
		};
		1F1CC05B1F3A29CD00E920CA /* Release */ = {
			isa = XCBuildConfiguration;
			baseConfigurationReference = 4B09E456B852A72F5E21A773 /* Pods-game.release.xcconfig */;
			buildSettings = {
				ASSETCATALOG_COMPILER_APPICON_NAME = AppIcon;
				"CODE_SIGN_IDENTITY[sdk=iphoneos*]" = "iPhone Developer";
				CODE_SIGN_STYLE = Automatic;
				DEVELOPMENT_TEAM = 7R3TT7CEYH;
				INFOPLIST_FILE = game/Info.plist;
				IPHONEOS_DEPLOYMENT_TARGET = 10.0;
				LD_RUNPATH_SEARCH_PATHS = "$(inherited) @executable_path/Frameworks";
				PRODUCT_BUNDLE_IDENTIFIER = baby.iq;
				PRODUCT_NAME = "$(TARGET_NAME)";
				PROVISIONING_PROFILE_SPECIFIER = "";
				SWIFT_VERSION = 3.0;
			};
			name = Release;
		};
/* End XCBuildConfiguration section */

/* Begin XCConfigurationList section */
		1F1CC03F1F3A29CD00E920CA /* Build configuration list for PBXProject "game" */ = {
			isa = XCConfigurationList;
			buildConfigurations = (
				1F1CC0571F3A29CD00E920CA /* Debug */,
				1F1CC0581F3A29CD00E920CA /* Release */,
			);
			defaultConfigurationIsVisible = 0;
			defaultConfigurationName = Release;
		};
		1F1CC0591F3A29CD00E920CA /* Build configuration list for PBXNativeTarget "game" */ = {
			isa = XCConfigurationList;
			buildConfigurations = (
				1F1CC05A1F3A29CD00E920CA /* Debug */,
				1F1CC05B1F3A29CD00E920CA /* Release */,
			);
			defaultConfigurationIsVisible = 0;
			defaultConfigurationName = Release;
		};
/* End XCConfigurationList section */

/* Begin XCVersionGroup section */
		1F1CC04E1F3A29CD00E920CA /* game.xcdatamodeld */ = {
			isa = XCVersionGroup;
			children = (
				1F1CC04F1F3A29CD00E920CA /* game.xcdatamodel */,
			);
			currentVersion = 1F1CC04F1F3A29CD00E920CA /* game.xcdatamodel */;
			path = game.xcdatamodeld;
			sourceTree = "<group>";
			versionGroupType = wrapper.xcdatamodel;
		};
/* End XCVersionGroup section */
	};
	rootObject = 1F1CC03C1F3A29CD00E920CA /* Project object */;
}
